// !$*UTF8*$!
{
	archiveVersion = 1;
	classes = {
	};
	objectVersion = 56;
	objects = {

/* Begin PBXBuildFile section */
		391848DC2C9B359F004B4367 /* NonDismissableSheet.swift in Sources */ = {isa = PBXBuildFile; fileRef = 391848DB2C9B359F004B4367 /* NonDismissableSheet.swift */; };
		391848DE2C9B35E4004B4367 /* PopUpView.swift in Sources */ = {isa = PBXBuildFile; fileRef = 391848DD2C9B35E4004B4367 /* PopUpView.swift */; };
		393FC7092C8F450600028F1D /* Assets.xcassets in Resources */ = {isa = PBXBuildFile; fileRef = 393FC7082C8F450600028F1D /* Assets.xcassets */; };
		393FC70C2C8F450600028F1D /* Preview Assets.xcassets in Resources */ = {isa = PBXBuildFile; fileRef = 393FC70B2C8F450600028F1D /* Preview Assets.xcassets */; };
		393FC7192C8F46A200028F1D /* DemoModel.swift in Sources */ = {isa = PBXBuildFile; fileRef = 393FC7182C8F46A200028F1D /* DemoModel.swift */; };
		393FC71B2C8F46B200028F1D /* DemoViewModel.swift in Sources */ = {isa = PBXBuildFile; fileRef = 393FC71A2C8F46B200028F1D /* DemoViewModel.swift */; };
		398F19922C99AEE50023515B /* PencilCanvasView.swift in Sources */ = {isa = PBXBuildFile; fileRef = 398F19912C99AEE50023515B /* PencilCanvasView.swift */; };
		398F19962C99AF5B0023515B /* DrawingView.swift in Sources */ = {isa = PBXBuildFile; fileRef = 398F19952C99AF5B0023515B /* DrawingView.swift */; };
		398F19982C99AF940023515B /* Note.swift in Sources */ = {isa = PBXBuildFile; fileRef = 398F19972C99AF940023515B /* Note.swift */; };
		398F199A2C99B0F60023515B /* TypingView.swift in Sources */ = {isa = PBXBuildFile; fileRef = 398F19992C99B0F60023515B /* TypingView.swift */; };
		398F199C2C99B1AB0023515B /* TabViewNote.swift in Sources */ = {isa = PBXBuildFile; fileRef = 398F199B2C99B1AB0023515B /* TabViewNote.swift */; };
		398F199E2C99B2480023515B /* NoteManager.swift in Sources */ = {isa = PBXBuildFile; fileRef = 398F199D2C99B2470023515B /* NoteManager.swift */; };
		398F19A02C99F5710023515B /* MultipleChoiceView.swift in Sources */ = {isa = PBXBuildFile; fileRef = 398F199F2C99F5710023515B /* MultipleChoiceView.swift */; };
		39FA15522C948D540054B99E /* SimpleView.swift in Sources */ = {isa = PBXBuildFile; fileRef = 39FA15512C948D540054B99E /* SimpleView.swift */; };
		39FA15542C948D7D0054B99E /* BookDetailView.swift in Sources */ = {isa = PBXBuildFile; fileRef = 39FA15532C948D7D0054B99E /* BookDetailView.swift */; };
		39FA15562C948DBE0054B99E /* BookView.swift in Sources */ = {isa = PBXBuildFile; fileRef = 39FA15552C948DBE0054B99E /* BookView.swift */; };
		39FA15582C948DF00054B99E /* OpenBookView.swift in Sources */ = {isa = PBXBuildFile; fileRef = 39FA15572C948DF00054B99E /* OpenBookView.swift */; };
		39FA155A2C948E1A0054B99E /* PageCurlViewController.swift in Sources */ = {isa = PBXBuildFile; fileRef = 39FA15592C948E1A0054B99E /* PageCurlViewController.swift */; };
		39FA155E2C95708F0054B99E /* PageModel.swift in Sources */ = {isa = PBXBuildFile; fileRef = 39FA155D2C95708F0054B99E /* PageModel.swift */; };
		39FA15602C957CB10054B99E /* CoverPageView.swift in Sources */ = {isa = PBXBuildFile; fileRef = 39FA155F2C957CB10054B99E /* CoverPageView.swift */; };
		39FA15652C9606350054B99E /* ProgressBar.swift in Sources */ = {isa = PBXBuildFile; fileRef = 39FA15642C9606350054B99E /* ProgressBar.swift */; };
		39FA15672C960D710054B99E /* ChoiceButton.swift in Sources */ = {isa = PBXBuildFile; fileRef = 39FA15662C960D710054B99E /* ChoiceButton.swift */; };
		39FA15692C960FB20054B99E /* MultipleChoiceQuestion.swift in Sources */ = {isa = PBXBuildFile; fileRef = 39FA15682C960FB20054B99E /* MultipleChoiceQuestion.swift */; };
		7534ECC22C99826600F38696 /* Roboto-ThinItalic.ttf in Resources */ = {isa = PBXBuildFile; fileRef = 7534ECC12C99826600F38696 /* Roboto-ThinItalic.ttf */; };
		7534ECC42C99827100F38696 /* Roboto-Thin.ttf in Resources */ = {isa = PBXBuildFile; fileRef = 7534ECC32C99827100F38696 /* Roboto-Thin.ttf */; };
		7534ECCA2C99991700F38696 /* GoogleService-Info.plist in Resources */ = {isa = PBXBuildFile; fileRef = 7534ECC92C99991700F38696 /* GoogleService-Info.plist */; };
		75668E022C9183F90052F78C /* Modifiers.swift in Sources */ = {isa = PBXBuildFile; fileRef = 75668E012C9183F90052F78C /* Modifiers.swift */; };
		75690EF42C99E06D00E4B2C3 /* ContentView.swift in Sources */ = {isa = PBXBuildFile; fileRef = 75690EF32C99E06D00E4B2C3 /* ContentView.swift */; };
		75690F032C99E33300E4B2C3 /* DemoViewModel.swift in Sources */ = {isa = PBXBuildFile; fileRef = 393FC71A2C8F46B200028F1D /* DemoViewModel.swift */; };
		75690F042C99E34B00E4B2C3 /* SG_Group15App.swift in Sources */ = {isa = PBXBuildFile; fileRef = 393FC7042C8F450400028F1D /* SG_Group15App.swift */; };
		75690F1F2C99E9A700E4B2C3 /* GoogleSignIn in Frameworks */ = {isa = PBXBuildFile; productRef = 75690F1E2C99E9A700E4B2C3 /* GoogleSignIn */; };
		75690F212C99E9A700E4B2C3 /* GoogleSignInSwift in Frameworks */ = {isa = PBXBuildFile; productRef = 75690F202C99E9A700E4B2C3 /* GoogleSignInSwift */; };
		75690F242C99E9CE00E4B2C3 /* FirebaseAuth in Frameworks */ = {isa = PBXBuildFile; productRef = 75690F232C99E9CE00E4B2C3 /* FirebaseAuth */; };
		75690F262C99E9CE00E4B2C3 /* FirebaseDatabase in Frameworks */ = {isa = PBXBuildFile; productRef = 75690F252C99E9CE00E4B2C3 /* FirebaseDatabase */; };
		75690F282C99E9CE00E4B2C3 /* FirebaseFirestore in Frameworks */ = {isa = PBXBuildFile; productRef = 75690F272C99E9CE00E4B2C3 /* FirebaseFirestore */; };
		75690F2A2C99E9CE00E4B2C3 /* FirebaseStorage in Frameworks */ = {isa = PBXBuildFile; productRef = 75690F292C99E9CE00E4B2C3 /* FirebaseStorage */; };
		759101D52C96EFC300930574 /* WelcomeView.swift in Sources */ = {isa = PBXBuildFile; fileRef = 759101D42C96EFC300930574 /* WelcomeView.swift */; };
		7594A6F82C969065000084FA /* User.swift in Sources */ = {isa = PBXBuildFile; fileRef = 7594A6F72C969065000084FA /* User.swift */; };
		7594A6FA2C969163000084FA /* UserViewModel.swift in Sources */ = {isa = PBXBuildFile; fileRef = 7594A6F92C969163000084FA /* UserViewModel.swift */; };
		7594A7092C96D0CF000084FA /* LoginView.swift in Sources */ = {isa = PBXBuildFile; fileRef = 7594A7082C96D0CF000084FA /* LoginView.swift */; };
		7594A70B2C96D169000084FA /* SignUpView.swift in Sources */ = {isa = PBXBuildFile; fileRef = 7594A70A2C96D169000084FA /* SignUpView.swift */; };
		75AD4D502C947DBD00C8F37F /* Lato-Bold.ttf in Resources */ = {isa = PBXBuildFile; fileRef = 75AD4D4F2C947DBD00C8F37F /* Lato-Bold.ttf */; };
		75AD4D522C947DCA00C8F37F /* Lato-Regular.ttf in Resources */ = {isa = PBXBuildFile; fileRef = 75AD4D512C947DCA00C8F37F /* Lato-Regular.ttf */; };
		75AD4D542C947DEC00C8F37F /* OldStandardTT-Bold.ttf in Resources */ = {isa = PBXBuildFile; fileRef = 75AD4D532C947DEC00C8F37F /* OldStandardTT-Bold.ttf */; };
		75AD4D572C947FC800C8F37F /* Lato-Black.ttf in Resources */ = {isa = PBXBuildFile; fileRef = 75AD4D562C947FC800C8F37F /* Lato-Black.ttf */; };
		CB94B35C2C9ED4A5005B77A7 /* download.gif in Resources */ = {isa = PBXBuildFile; fileRef = CB94B35B2C9ED4A5005B77A7 /* download.gif */; };
		CB94B3602C9EDD3A005B77A7 /* explosion.gif in Resources */ = {isa = PBXBuildFile; fileRef = CB94B35F2C9EDD3A005B77A7 /* explosion.gif */; };
		CB94B3622C9EE553005B77A7 /* bomb.gif in Resources */ = {isa = PBXBuildFile; fileRef = CB94B3612C9EE553005B77A7 /* bomb.gif */; };
		CBCE14862C9EAA8C00EBA21B /* GifImageView.swift in Sources */ = {isa = PBXBuildFile; fileRef = CBCE14852C9EAA8600EBA21B /* GifImageView.swift */; };
		CBD8AFBD2C9EA8AE0018AF4D /* DongNaiThuongView.swift in Sources */ = {isa = PBXBuildFile; fileRef = CBD8AFB92C9EA8AE0018AF4D /* DongNaiThuongView.swift */; };
		CBD8AFBE2C9EA8AE0018AF4D /*  HocMonView.swift in Sources */ = {isa = PBXBuildFile; fileRef = CBD8AFB82C9EA8AE0018AF4D /*  HocMonView.swift */; };
		CBD8AFBF2C9EA8AE0018AF4D /* VoNhaiView.swift in Sources */ = {isa = PBXBuildFile; fileRef = CBD8AFBB2C9EA8AE0018AF4D /* VoNhaiView.swift */; };
		CBD8AFC02C9EA8AE0018AF4D /*  BacGiangView.swift in Sources */ = {isa = PBXBuildFile; fileRef = CBD8AFB72C9EA8AE0018AF4D /*  BacGiangView.swift */; };
		CBD8AFC12C9EA8AE0018AF4D /* TanTraoView.swift in Sources */ = {isa = PBXBuildFile; fileRef = CBD8AFBA2C9EA8AE0018AF4D /* TanTraoView.swift */; };
		CBD8AFC92C9EA8C50018AF4D /* MapComponent2.swift in Sources */ = {isa = PBXBuildFile; fileRef = CBD8AFC32C9EA8C50018AF4D /* MapComponent2.swift */; };
		CBD8AFCA2C9EA8C50018AF4D /* PositionCalculation.swift in Sources */ = {isa = PBXBuildFile; fileRef = CBD8AFC72C9EA8C50018AF4D /* PositionCalculation.swift */; };
		CBD8AFCB2C9EA8C50018AF4D /* MapComponent4.swift in Sources */ = {isa = PBXBuildFile; fileRef = CBD8AFC52C9EA8C50018AF4D /* MapComponent4.swift */; };
		CBD8AFCC2C9EA8C50018AF4D /* MapComponent1.swift in Sources */ = {isa = PBXBuildFile; fileRef = CBD8AFC22C9EA8C50018AF4D /* MapComponent1.swift */; };
		CBD8AFCD2C9EA8C50018AF4D /* MapComponent5.swift in Sources */ = {isa = PBXBuildFile; fileRef = CBD8AFC62C9EA8C50018AF4D /* MapComponent5.swift */; };
		CBD8AFCE2C9EA8C50018AF4D /* MapComponent3.swift in Sources */ = {isa = PBXBuildFile; fileRef = CBD8AFC42C9EA8C50018AF4D /* MapComponent3.swift */; };
		E29655392C94BD580099D136 /* TimelineGameModel.swift in Sources */ = {isa = PBXBuildFile; fileRef = E29655382C94BD580099D136 /* TimelineGameModel.swift */; };
		E296553D2C94BDBE0099D136 /* TimelineGameView.swift in Sources */ = {isa = PBXBuildFile; fileRef = E296553C2C94BDBE0099D136 /* TimelineGameView.swift */; };
		E296553F2C94BDDF0099D136 /* TimelineGameViewModel.swift in Sources */ = {isa = PBXBuildFile; fileRef = E296553E2C94BDDF0099D136 /* TimelineGameViewModel.swift */; };
		E29B16A52C9B140000673121 /* FillInBlankModel.swift in Sources */ = {isa = PBXBuildFile; fileRef = E29B16A42C9B140000673121 /* FillInBlankModel.swift */; };
		E29B16A72C9B140900673121 /* FillInBlankQuestion.swift in Sources */ = {isa = PBXBuildFile; fileRef = E29B16A62C9B140900673121 /* FillInBlankQuestion.swift */; };
		E29B16AA2C9B142100673121 /* FillInBlankViewModel.swift in Sources */ = {isa = PBXBuildFile; fileRef = E29B16A92C9B142100673121 /* FillInBlankViewModel.swift */; };
		E29B16AE2C9B142B00673121 /* FillInBlankView.swift in Sources */ = {isa = PBXBuildFile; fileRef = E29B16AB2C9B142B00673121 /* FillInBlankView.swift */; };
		E29B16AF2C9B142B00673121 /* TappableTextView.swift in Sources */ = {isa = PBXBuildFile; fileRef = E29B16AC2C9B142B00673121 /* TappableTextView.swift */; };
		E29B16B02C9B142B00673121 /* FillInBlankSubView.swift in Sources */ = {isa = PBXBuildFile; fileRef = E29B16AD2C9B142B00673121 /* FillInBlankSubView.swift */; };
		E2CD24302C9573BD00B4E0D5 /* MatchingGameView.swift in Sources */ = {isa = PBXBuildFile; fileRef = E2CD242F2C9573BD00B4E0D5 /* MatchingGameView.swift */; };
		E2CD24322C95740000B4E0D5 /* MatchingGameViewModel.swift in Sources */ = {isa = PBXBuildFile; fileRef = E2CD24312C95740000B4E0D5 /* MatchingGameViewModel.swift */; };
/* End PBXBuildFile section */

/* Begin PBXFileReference section */
		391848DB2C9B359F004B4367 /* NonDismissableSheet.swift */ = {isa = PBXFileReference; lastKnownFileType = sourcecode.swift; path = NonDismissableSheet.swift; sourceTree = "<group>"; };
		391848DD2C9B35E4004B4367 /* PopUpView.swift */ = {isa = PBXFileReference; lastKnownFileType = sourcecode.swift; path = PopUpView.swift; sourceTree = "<group>"; };
		393FC7012C8F450400028F1D /* SG-Group15.app */ = {isa = PBXFileReference; explicitFileType = wrapper.application; includeInIndex = 0; path = "SG-Group15.app"; sourceTree = BUILT_PRODUCTS_DIR; };
		393FC7042C8F450400028F1D /* SG_Group15App.swift */ = {isa = PBXFileReference; lastKnownFileType = sourcecode.swift; path = SG_Group15App.swift; sourceTree = "<group>"; };
		393FC7082C8F450600028F1D /* Assets.xcassets */ = {isa = PBXFileReference; lastKnownFileType = folder.assetcatalog; path = Assets.xcassets; sourceTree = "<group>"; };
		393FC70B2C8F450600028F1D /* Preview Assets.xcassets */ = {isa = PBXFileReference; lastKnownFileType = folder.assetcatalog; path = "Preview Assets.xcassets"; sourceTree = "<group>"; };
		393FC7182C8F46A200028F1D /* DemoModel.swift */ = {isa = PBXFileReference; lastKnownFileType = sourcecode.swift; path = DemoModel.swift; sourceTree = "<group>"; };
		393FC71A2C8F46B200028F1D /* DemoViewModel.swift */ = {isa = PBXFileReference; lastKnownFileType = sourcecode.swift; path = DemoViewModel.swift; sourceTree = "<group>"; };
		398F19912C99AEE50023515B /* PencilCanvasView.swift */ = {isa = PBXFileReference; lastKnownFileType = sourcecode.swift; path = PencilCanvasView.swift; sourceTree = "<group>"; };
		398F19952C99AF5B0023515B /* DrawingView.swift */ = {isa = PBXFileReference; lastKnownFileType = sourcecode.swift; path = DrawingView.swift; sourceTree = "<group>"; };
		398F19972C99AF940023515B /* Note.swift */ = {isa = PBXFileReference; lastKnownFileType = sourcecode.swift; path = Note.swift; sourceTree = "<group>"; };
		398F19992C99B0F60023515B /* TypingView.swift */ = {isa = PBXFileReference; lastKnownFileType = sourcecode.swift; path = TypingView.swift; sourceTree = "<group>"; };
		398F199B2C99B1AB0023515B /* TabViewNote.swift */ = {isa = PBXFileReference; lastKnownFileType = sourcecode.swift; path = TabViewNote.swift; sourceTree = "<group>"; };
		398F199D2C99B2470023515B /* NoteManager.swift */ = {isa = PBXFileReference; lastKnownFileType = sourcecode.swift; path = NoteManager.swift; sourceTree = "<group>"; };
		398F199F2C99F5710023515B /* MultipleChoiceView.swift */ = {isa = PBXFileReference; lastKnownFileType = sourcecode.swift; path = MultipleChoiceView.swift; sourceTree = "<group>"; };
		39FA15512C948D540054B99E /* SimpleView.swift */ = {isa = PBXFileReference; lastKnownFileType = sourcecode.swift; path = SimpleView.swift; sourceTree = "<group>"; };
		39FA15532C948D7D0054B99E /* BookDetailView.swift */ = {isa = PBXFileReference; lastKnownFileType = sourcecode.swift; path = BookDetailView.swift; sourceTree = "<group>"; };
		39FA15552C948DBE0054B99E /* BookView.swift */ = {isa = PBXFileReference; lastKnownFileType = sourcecode.swift; path = BookView.swift; sourceTree = "<group>"; };
		39FA15572C948DF00054B99E /* OpenBookView.swift */ = {isa = PBXFileReference; lastKnownFileType = sourcecode.swift; path = OpenBookView.swift; sourceTree = "<group>"; };
		39FA15592C948E1A0054B99E /* PageCurlViewController.swift */ = {isa = PBXFileReference; lastKnownFileType = sourcecode.swift; path = PageCurlViewController.swift; sourceTree = "<group>"; };
		39FA155D2C95708F0054B99E /* PageModel.swift */ = {isa = PBXFileReference; lastKnownFileType = sourcecode.swift; path = PageModel.swift; sourceTree = "<group>"; };
		39FA155F2C957CB10054B99E /* CoverPageView.swift */ = {isa = PBXFileReference; lastKnownFileType = sourcecode.swift; path = CoverPageView.swift; sourceTree = "<group>"; };
		39FA15642C9606350054B99E /* ProgressBar.swift */ = {isa = PBXFileReference; lastKnownFileType = sourcecode.swift; path = ProgressBar.swift; sourceTree = "<group>"; };
		39FA15662C960D710054B99E /* ChoiceButton.swift */ = {isa = PBXFileReference; lastKnownFileType = sourcecode.swift; path = ChoiceButton.swift; sourceTree = "<group>"; };
		39FA15682C960FB20054B99E /* MultipleChoiceQuestion.swift */ = {isa = PBXFileReference; lastKnownFileType = sourcecode.swift; path = MultipleChoiceQuestion.swift; sourceTree = "<group>"; };
		7534ECC12C99826600F38696 /* Roboto-ThinItalic.ttf */ = {isa = PBXFileReference; lastKnownFileType = file; path = "Roboto-ThinItalic.ttf"; sourceTree = "<group>"; };
		7534ECC32C99827100F38696 /* Roboto-Thin.ttf */ = {isa = PBXFileReference; lastKnownFileType = file; path = "Roboto-Thin.ttf"; sourceTree = "<group>"; };
		7534ECC92C99991700F38696 /* GoogleService-Info.plist */ = {isa = PBXFileReference; fileEncoding = 4; lastKnownFileType = text.plist.xml; path = "GoogleService-Info.plist"; sourceTree = "<group>"; };
		75668E012C9183F90052F78C /* Modifiers.swift */ = {isa = PBXFileReference; lastKnownFileType = sourcecode.swift; path = Modifiers.swift; sourceTree = "<group>"; };
		75690EF32C99E06D00E4B2C3 /* ContentView.swift */ = {isa = PBXFileReference; lastKnownFileType = sourcecode.swift; path = ContentView.swift; sourceTree = "<group>"; };
		759101D42C96EFC300930574 /* WelcomeView.swift */ = {isa = PBXFileReference; lastKnownFileType = sourcecode.swift; path = WelcomeView.swift; sourceTree = "<group>"; };
		7594A6F72C969065000084FA /* User.swift */ = {isa = PBXFileReference; lastKnownFileType = sourcecode.swift; path = User.swift; sourceTree = "<group>"; };
		7594A6F92C969163000084FA /* UserViewModel.swift */ = {isa = PBXFileReference; lastKnownFileType = sourcecode.swift; path = UserViewModel.swift; sourceTree = "<group>"; };
		7594A7082C96D0CF000084FA /* LoginView.swift */ = {isa = PBXFileReference; lastKnownFileType = sourcecode.swift; path = LoginView.swift; sourceTree = "<group>"; };
		7594A70A2C96D169000084FA /* SignUpView.swift */ = {isa = PBXFileReference; lastKnownFileType = sourcecode.swift; path = SignUpView.swift; sourceTree = "<group>"; };
		75AD4D4F2C947DBD00C8F37F /* Lato-Bold.ttf */ = {isa = PBXFileReference; lastKnownFileType = file; path = "Lato-Bold.ttf"; sourceTree = "<group>"; };
		75AD4D512C947DCA00C8F37F /* Lato-Regular.ttf */ = {isa = PBXFileReference; lastKnownFileType = file; path = "Lato-Regular.ttf"; sourceTree = "<group>"; };
		75AD4D532C947DEC00C8F37F /* OldStandardTT-Bold.ttf */ = {isa = PBXFileReference; lastKnownFileType = file; path = "OldStandardTT-Bold.ttf"; sourceTree = "<group>"; };
		75AD4D552C947E2A00C8F37F /* Info.plist */ = {isa = PBXFileReference; lastKnownFileType = text.plist; path = Info.plist; sourceTree = "<group>"; };
		75AD4D562C947FC800C8F37F /* Lato-Black.ttf */ = {isa = PBXFileReference; lastKnownFileType = file; path = "Lato-Black.ttf"; sourceTree = "<group>"; };
		CB94B35B2C9ED4A5005B77A7 /* download.gif */ = {isa = PBXFileReference; lastKnownFileType = image.gif; path = download.gif; sourceTree = "<group>"; };
		CB94B35F2C9EDD3A005B77A7 /* explosion.gif */ = {isa = PBXFileReference; lastKnownFileType = image.gif; path = explosion.gif; sourceTree = "<group>"; };
		CB94B3612C9EE553005B77A7 /* bomb.gif */ = {isa = PBXFileReference; lastKnownFileType = image.gif; path = bomb.gif; sourceTree = "<group>"; };
		CBCE14852C9EAA8600EBA21B /* GifImageView.swift */ = {isa = PBXFileReference; lastKnownFileType = sourcecode.swift; path = GifImageView.swift; sourceTree = "<group>"; };
		CBD8AFB72C9EA8AE0018AF4D /*  BacGiangView.swift */ = {isa = PBXFileReference; lastKnownFileType = sourcecode.swift; path = " BacGiangView.swift"; sourceTree = "<group>"; };
		CBD8AFB82C9EA8AE0018AF4D /*  HocMonView.swift */ = {isa = PBXFileReference; lastKnownFileType = sourcecode.swift; path = " HocMonView.swift"; sourceTree = "<group>"; };
		CBD8AFB92C9EA8AE0018AF4D /* DongNaiThuongView.swift */ = {isa = PBXFileReference; lastKnownFileType = sourcecode.swift; path = DongNaiThuongView.swift; sourceTree = "<group>"; };
		CBD8AFBA2C9EA8AE0018AF4D /* TanTraoView.swift */ = {isa = PBXFileReference; lastKnownFileType = sourcecode.swift; path = TanTraoView.swift; sourceTree = "<group>"; };
		CBD8AFBB2C9EA8AE0018AF4D /* VoNhaiView.swift */ = {isa = PBXFileReference; lastKnownFileType = sourcecode.swift; path = VoNhaiView.swift; sourceTree = "<group>"; };
		CBD8AFC22C9EA8C50018AF4D /* MapComponent1.swift */ = {isa = PBXFileReference; lastKnownFileType = sourcecode.swift; path = MapComponent1.swift; sourceTree = "<group>"; };
		CBD8AFC32C9EA8C50018AF4D /* MapComponent2.swift */ = {isa = PBXFileReference; lastKnownFileType = sourcecode.swift; path = MapComponent2.swift; sourceTree = "<group>"; };
		CBD8AFC42C9EA8C50018AF4D /* MapComponent3.swift */ = {isa = PBXFileReference; lastKnownFileType = sourcecode.swift; path = MapComponent3.swift; sourceTree = "<group>"; };
		CBD8AFC52C9EA8C50018AF4D /* MapComponent4.swift */ = {isa = PBXFileReference; lastKnownFileType = sourcecode.swift; path = MapComponent4.swift; sourceTree = "<group>"; };
		CBD8AFC62C9EA8C50018AF4D /* MapComponent5.swift */ = {isa = PBXFileReference; lastKnownFileType = sourcecode.swift; path = MapComponent5.swift; sourceTree = "<group>"; };
		CBD8AFC72C9EA8C50018AF4D /* PositionCalculation.swift */ = {isa = PBXFileReference; lastKnownFileType = sourcecode.swift; path = PositionCalculation.swift; sourceTree = "<group>"; };
		E29655382C94BD580099D136 /* TimelineGameModel.swift */ = {isa = PBXFileReference; lastKnownFileType = sourcecode.swift; path = TimelineGameModel.swift; sourceTree = "<group>"; };
		E296553C2C94BDBE0099D136 /* TimelineGameView.swift */ = {isa = PBXFileReference; lastKnownFileType = sourcecode.swift; path = TimelineGameView.swift; sourceTree = "<group>"; };
		E296553E2C94BDDF0099D136 /* TimelineGameViewModel.swift */ = {isa = PBXFileReference; lastKnownFileType = sourcecode.swift; path = TimelineGameViewModel.swift; sourceTree = "<group>"; };
		E29B16A42C9B140000673121 /* FillInBlankModel.swift */ = {isa = PBXFileReference; fileEncoding = 4; lastKnownFileType = sourcecode.swift; path = FillInBlankModel.swift; sourceTree = "<group>"; };
		E29B16A62C9B140900673121 /* FillInBlankQuestion.swift */ = {isa = PBXFileReference; fileEncoding = 4; lastKnownFileType = sourcecode.swift; path = FillInBlankQuestion.swift; sourceTree = "<group>"; };
		E29B16A92C9B142100673121 /* FillInBlankViewModel.swift */ = {isa = PBXFileReference; fileEncoding = 4; lastKnownFileType = sourcecode.swift; path = FillInBlankViewModel.swift; sourceTree = "<group>"; };
		E29B16AB2C9B142B00673121 /* FillInBlankView.swift */ = {isa = PBXFileReference; fileEncoding = 4; lastKnownFileType = sourcecode.swift; path = FillInBlankView.swift; sourceTree = "<group>"; };
		E29B16AC2C9B142B00673121 /* TappableTextView.swift */ = {isa = PBXFileReference; fileEncoding = 4; lastKnownFileType = sourcecode.swift; path = TappableTextView.swift; sourceTree = "<group>"; };
		E29B16AD2C9B142B00673121 /* FillInBlankSubView.swift */ = {isa = PBXFileReference; fileEncoding = 4; lastKnownFileType = sourcecode.swift; path = FillInBlankSubView.swift; sourceTree = "<group>"; };
		E2CD242F2C9573BD00B4E0D5 /* MatchingGameView.swift */ = {isa = PBXFileReference; lastKnownFileType = sourcecode.swift; path = MatchingGameView.swift; sourceTree = "<group>"; };
		E2CD24312C95740000B4E0D5 /* MatchingGameViewModel.swift */ = {isa = PBXFileReference; lastKnownFileType = sourcecode.swift; path = MatchingGameViewModel.swift; sourceTree = "<group>"; };
/* End PBXFileReference section */

/* Begin PBXFrameworksBuildPhase section */
		393FC6FE2C8F450400028F1D /* Frameworks */ = {
			isa = PBXFrameworksBuildPhase;
			buildActionMask = 2147483647;
			files = (
				75690F1F2C99E9A700E4B2C3 /* GoogleSignIn in Frameworks */,
				75690F242C99E9CE00E4B2C3 /* FirebaseAuth in Frameworks */,
				75690F262C99E9CE00E4B2C3 /* FirebaseDatabase in Frameworks */,
				75690F282C99E9CE00E4B2C3 /* FirebaseFirestore in Frameworks */,
				75690F212C99E9A700E4B2C3 /* GoogleSignInSwift in Frameworks */,
				75690F2A2C99E9CE00E4B2C3 /* FirebaseStorage in Frameworks */,
			);
			runOnlyForDeploymentPostprocessing = 0;
		};
/* End PBXFrameworksBuildPhase section */

/* Begin PBXGroup section */
		391848DA2C9B3587004B4367 /* PopUpView */ = {
			isa = PBXGroup;
			children = (
				391848DB2C9B359F004B4367 /* NonDismissableSheet.swift */,
				391848DD2C9B35E4004B4367 /* PopUpView.swift */,
			);
			path = PopUpView;
			sourceTree = "<group>";
		};
		393FC6F82C8F450400028F1D = {
			isa = PBXGroup;
			children = (
				393FC7032C8F450400028F1D /* SG-Group15 */,
				393FC7022C8F450400028F1D /* Products */,
			);
			sourceTree = "<group>";
		};
		393FC7022C8F450400028F1D /* Products */ = {
			isa = PBXGroup;
			children = (
				393FC7012C8F450400028F1D /* SG-Group15.app */,
			);
			name = Products;
			sourceTree = "<group>";
		};
		393FC7032C8F450400028F1D /* SG-Group15 */ = {
			isa = PBXGroup;
			children = (
				75AD4D552C947E2A00C8F37F /* Info.plist */,
				7534ECC92C99991700F38696 /* GoogleService-Info.plist */,
				75AD4D4C2C947D9A00C8F37F /* Fonts */,
				75668E002C9183D70052F78C /* Helpers */,
				393FC7132C8F465100028F1D /* Model */,
				393FC7172C8F468700028F1D /* ViewModel */,
				393FC7142C8F466900028F1D /* View */,
				393FC7042C8F450400028F1D /* SG_Group15App.swift */,
				393FC7082C8F450600028F1D /* Assets.xcassets */,
				393FC70A2C8F450600028F1D /* Preview Content */,
			);
			path = "SG-Group15";
			sourceTree = "<group>";
		};
		393FC70A2C8F450600028F1D /* Preview Content */ = {
			isa = PBXGroup;
			children = (
				393FC70B2C8F450600028F1D /* Preview Assets.xcassets */,
			);
			path = "Preview Content";
			sourceTree = "<group>";
		};
		393FC7132C8F465100028F1D /* Model */ = {
			isa = PBXGroup;
			children = (
				393FC7182C8F46A200028F1D /* DemoModel.swift */,
				E29655382C94BD580099D136 /* TimelineGameModel.swift */,
				7594A6F72C969065000084FA /* User.swift */,
				39FA155D2C95708F0054B99E /* PageModel.swift */,
				39FA15682C960FB20054B99E /* MultipleChoiceQuestion.swift */,
				E29B16A82C9B140D00673121 /* FillInBlank */,
				398F19972C99AF940023515B /* Note.swift */,
			);
			path = Model;
			sourceTree = "<group>";
		};
		393FC7142C8F466900028F1D /* View */ = {
			isa = PBXGroup;
			children = (
				CBD8AFC82C9EA8C50018AF4D /* MapComponent */,
				CBD8AFBC2C9EA8AE0018AF4D /* Map */,
				391848DA2C9B3587004B4367 /* PopUpView */,
				E29B16B12C9B143000673121 /* FillInBlankGameView */,
				398F19902C99AECA0023515B /* Note */,
				E296553C2C94BDBE0099D136 /* TimelineGameView.swift */,
				E2CD242F2C9573BD00B4E0D5 /* MatchingGameView.swift */,
				7594A7052C96C552000084FA /* AuthView */,
				39FA15612C96056C0054B99E /* MultipleChoiceView */,
				39FA15502C948D3C0054B99E /* BookDetailView */,
				39FA15642C9606350054B99E /* ProgressBar.swift */,
				75690EF32C99E06D00E4B2C3 /* ContentView.swift */,
			);
			path = View;
			sourceTree = "<group>";
		};
		393FC7172C8F468700028F1D /* ViewModel */ = {
			isa = PBXGroup;
			children = (
				E29B16A92C9B142100673121 /* FillInBlankViewModel.swift */,
				393FC71A2C8F46B200028F1D /* DemoViewModel.swift */,
				E296553E2C94BDDF0099D136 /* TimelineGameViewModel.swift */,
				E2CD24312C95740000B4E0D5 /* MatchingGameViewModel.swift */,
				7594A6F92C969163000084FA /* UserViewModel.swift */,
			);
			path = ViewModel;
			sourceTree = "<group>";
		};
		398F19902C99AECA0023515B /* Note */ = {
			isa = PBXGroup;
			children = (
				398F19912C99AEE50023515B /* PencilCanvasView.swift */,
				398F19952C99AF5B0023515B /* DrawingView.swift */,
				398F19992C99B0F60023515B /* TypingView.swift */,
				398F199B2C99B1AB0023515B /* TabViewNote.swift */,
			);
			path = Note;
			sourceTree = "<group>";
		};
		39FA15502C948D3C0054B99E /* BookDetailView */ = {
			isa = PBXGroup;
			children = (
				39FA15512C948D540054B99E /* SimpleView.swift */,
				39FA15532C948D7D0054B99E /* BookDetailView.swift */,
				39FA15552C948DBE0054B99E /* BookView.swift */,
				39FA15572C948DF00054B99E /* OpenBookView.swift */,
				39FA155F2C957CB10054B99E /* CoverPageView.swift */,
			);
			path = BookDetailView;
			sourceTree = "<group>";
		};
		39FA15612C96056C0054B99E /* MultipleChoiceView */ = {
			isa = PBXGroup;
			children = (
				39FA15662C960D710054B99E /* ChoiceButton.swift */,
				398F199F2C99F5710023515B /* MultipleChoiceView.swift */,
			);
			path = MultipleChoiceView;
			sourceTree = "<group>";
		};
		75668E002C9183D70052F78C /* Helpers */ = {
			isa = PBXGroup;
			children = (
				75668E012C9183F90052F78C /* Modifiers.swift */,
				39FA15592C948E1A0054B99E /* PageCurlViewController.swift */,
				398F199D2C99B2470023515B /* NoteManager.swift */,
			);
			path = Helpers;
			sourceTree = "<group>";
		};
		7594A7052C96C552000084FA /* AuthView */ = {
			isa = PBXGroup;
			children = (
				7594A7082C96D0CF000084FA /* LoginView.swift */,
				7594A70A2C96D169000084FA /* SignUpView.swift */,
				759101D42C96EFC300930574 /* WelcomeView.swift */,
			);
			path = AuthView;
			sourceTree = "<group>";
		};
		75AD4D4C2C947D9A00C8F37F /* Fonts */ = {
			isa = PBXGroup;
			children = (
				75AD4D532C947DEC00C8F37F /* OldStandardTT-Bold.ttf */,
				75AD4D562C947FC800C8F37F /* Lato-Black.ttf */,
				75AD4D512C947DCA00C8F37F /* Lato-Regular.ttf */,
				7534ECC12C99826600F38696 /* Roboto-ThinItalic.ttf */,
				7534ECC32C99827100F38696 /* Roboto-Thin.ttf */,
				75AD4D4F2C947DBD00C8F37F /* Lato-Bold.ttf */,
			);
			path = Fonts;
			sourceTree = "<group>";
		};
		CBD8AFBC2C9EA8AE0018AF4D /* Map */ = {
			isa = PBXGroup;
			children = (
				CBD8AFB72C9EA8AE0018AF4D /*  BacGiangView.swift */,
				CBD8AFB82C9EA8AE0018AF4D /*  HocMonView.swift */,
				CBD8AFB92C9EA8AE0018AF4D /* DongNaiThuongView.swift */,
				CBD8AFBA2C9EA8AE0018AF4D /* TanTraoView.swift */,
				CBD8AFBB2C9EA8AE0018AF4D /* VoNhaiView.swift */,
			);
			path = Map;
			sourceTree = "<group>";
		};
		CBD8AFC82C9EA8C50018AF4D /* MapComponent */ = {
			isa = PBXGroup;
			children = (
				CBCE14852C9EAA8600EBA21B /* GifImageView.swift */,
				CBD8AFC22C9EA8C50018AF4D /* MapComponent1.swift */,
				CBD8AFC32C9EA8C50018AF4D /* MapComponent2.swift */,
				CBD8AFC42C9EA8C50018AF4D /* MapComponent3.swift */,
				CBD8AFC52C9EA8C50018AF4D /* MapComponent4.swift */,
				CBD8AFC62C9EA8C50018AF4D /* MapComponent5.swift */,
				CBD8AFC72C9EA8C50018AF4D /* PositionCalculation.swift */,
				CB94B3612C9EE553005B77A7 /* bomb.gif */,
				CB94B35B2C9ED4A5005B77A7 /* download.gif */,
				CB94B35F2C9EDD3A005B77A7 /* explosion.gif */,
			);
			path = MapComponent;
			sourceTree = "<group>";
		};
		E29B16A82C9B140D00673121 /* FillInBlank */ = {
			isa = PBXGroup;
			children = (
				E29B16A42C9B140000673121 /* FillInBlankModel.swift */,
				E29B16A62C9B140900673121 /* FillInBlankQuestion.swift */,
			);
			path = FillInBlank;
			sourceTree = "<group>";
		};
		E29B16B12C9B143000673121 /* FillInBlankGameView */ = {
			isa = PBXGroup;
			children = (
				E29B16AD2C9B142B00673121 /* FillInBlankSubView.swift */,
				E29B16AB2C9B142B00673121 /* FillInBlankView.swift */,
				E29B16AC2C9B142B00673121 /* TappableTextView.swift */,
			);
			path = FillInBlankGameView;
			sourceTree = "<group>";
		};
/* End PBXGroup section */

/* Begin PBXNativeTarget section */
		393FC7002C8F450400028F1D /* SG-Group15 */ = {
			isa = PBXNativeTarget;
			buildConfigurationList = 393FC70F2C8F450600028F1D /* Build configuration list for PBXNativeTarget "SG-Group15" */;
			buildPhases = (
				393FC6FD2C8F450400028F1D /* Sources */,
				393FC6FE2C8F450400028F1D /* Frameworks */,
				393FC6FF2C8F450400028F1D /* Resources */,
			);
			buildRules = (
			);
			dependencies = (
			);
			name = "SG-Group15";
			packageProductDependencies = (
				75690F1E2C99E9A700E4B2C3 /* GoogleSignIn */,
				75690F202C99E9A700E4B2C3 /* GoogleSignInSwift */,
				75690F232C99E9CE00E4B2C3 /* FirebaseAuth */,
				75690F252C99E9CE00E4B2C3 /* FirebaseDatabase */,
				75690F272C99E9CE00E4B2C3 /* FirebaseFirestore */,
				75690F292C99E9CE00E4B2C3 /* FirebaseStorage */,
			);
			productName = "SG-Group15";
			productReference = 393FC7012C8F450400028F1D /* SG-Group15.app */;
			productType = "com.apple.product-type.application";
		};
/* End PBXNativeTarget section */

/* Begin PBXProject section */
		393FC6F92C8F450400028F1D /* Project object */ = {
			isa = PBXProject;
			attributes = {
				BuildIndependentTargetsInParallel = 1;
				LastSwiftUpdateCheck = 1540;
				LastUpgradeCheck = 1540;
				TargetAttributes = {
					393FC7002C8F450400028F1D = {
						CreatedOnToolsVersion = 15.4;
					};
				};
			};
			buildConfigurationList = 393FC6FC2C8F450400028F1D /* Build configuration list for PBXProject "SG-Group15" */;
			compatibilityVersion = "Xcode 14.0";
			developmentRegion = en;
			hasScannedForEncodings = 0;
			knownRegions = (
				en,
				Base,
			);
			mainGroup = 393FC6F82C8F450400028F1D;
			packageReferences = (
				75690F1D2C99E9A700E4B2C3 /* XCRemoteSwiftPackageReference "GoogleSignIn-iOS" */,
				75690F222C99E9CE00E4B2C3 /* XCRemoteSwiftPackageReference "firebase-ios-sdk" */,
			);
			productRefGroup = 393FC7022C8F450400028F1D /* Products */;
			projectDirPath = "";
			projectRoot = "";
			targets = (
				393FC7002C8F450400028F1D /* SG-Group15 */,
			);
		};
/* End PBXProject section */

/* Begin PBXResourcesBuildPhase section */
		393FC6FF2C8F450400028F1D /* Resources */ = {
			isa = PBXResourcesBuildPhase;
			buildActionMask = 2147483647;
			files = (
				75AD4D572C947FC800C8F37F /* Lato-Black.ttf in Resources */,
				393FC70C2C8F450600028F1D /* Preview Assets.xcassets in Resources */,
				CB94B35C2C9ED4A5005B77A7 /* download.gif in Resources */,
				7534ECCA2C99991700F38696 /* GoogleService-Info.plist in Resources */,
				CB94B3622C9EE553005B77A7 /* bomb.gif in Resources */,
				75AD4D542C947DEC00C8F37F /* OldStandardTT-Bold.ttf in Resources */,
				75AD4D522C947DCA00C8F37F /* Lato-Regular.ttf in Resources */,
				7534ECC22C99826600F38696 /* Roboto-ThinItalic.ttf in Resources */,
				393FC7092C8F450600028F1D /* Assets.xcassets in Resources */,
				7534ECC42C99827100F38696 /* Roboto-Thin.ttf in Resources */,
				75AD4D502C947DBD00C8F37F /* Lato-Bold.ttf in Resources */,
				CB94B3602C9EDD3A005B77A7 /* explosion.gif in Resources */,
			);
			runOnlyForDeploymentPostprocessing = 0;
		};
/* End PBXResourcesBuildPhase section */

/* Begin PBXSourcesBuildPhase section */
		393FC6FD2C8F450400028F1D /* Sources */ = {
			isa = PBXSourcesBuildPhase;
			buildActionMask = 2147483647;
			files = (
				75690F042C99E34B00E4B2C3 /* SG_Group15App.swift in Sources */,
				75690F032C99E33300E4B2C3 /* DemoViewModel.swift in Sources */,
				CBD8AFC92C9EA8C50018AF4D /* MapComponent2.swift in Sources */,
				CBD8AFCA2C9EA8C50018AF4D /* PositionCalculation.swift in Sources */,
				CBD8AFCB2C9EA8C50018AF4D /* MapComponent4.swift in Sources */,
				CBD8AFCC2C9EA8C50018AF4D /* MapComponent1.swift in Sources */,
				CBD8AFCD2C9EA8C50018AF4D /* MapComponent5.swift in Sources */,
				CBD8AFCE2C9EA8C50018AF4D /* MapComponent3.swift in Sources */,
				E29655392C94BD580099D136 /* TimelineGameModel.swift in Sources */,
				E296553D2C94BDBE0099D136 /* TimelineGameView.swift in Sources */,
				E296553F2C94BDDF0099D136 /* TimelineGameViewModel.swift in Sources */,
				E2CD24302C9573BD00B4E0D5 /* MatchingGameView.swift in Sources */,
				7594A6FA2C969163000084FA /* UserViewModel.swift in Sources */,
				39FA155E2C95708F0054B99E /* PageModel.swift in Sources */,
				398F19922C99AEE50023515B /* PencilCanvasView.swift in Sources */,
				E29B16AF2C9B142B00673121 /* TappableTextView.swift in Sources */,
				39FA15692C960FB20054B99E /* MultipleChoiceQuestion.swift in Sources */,
				398F19982C99AF940023515B /* Note.swift in Sources */,
				39FA15602C957CB10054B99E /* CoverPageView.swift in Sources */,
				39FA15672C960D710054B99E /* ChoiceButton.swift in Sources */,
				391848DC2C9B359F004B4367 /* NonDismissableSheet.swift in Sources */,
				E29B16A52C9B140000673121 /* FillInBlankModel.swift in Sources */,
				39FA15562C948DBE0054B99E /* BookView.swift in Sources */,
				398F199A2C99B0F60023515B /* TypingView.swift in Sources */,
				398F199C2C99B1AB0023515B /* TabViewNote.swift in Sources */,
				393FC7192C8F46A200028F1D /* DemoModel.swift in Sources */,
				398F19A02C99F5710023515B /* MultipleChoiceView.swift in Sources */,
				391848DE2C9B35E4004B4367 /* PopUpView.swift in Sources */,
				E29B16AE2C9B142B00673121 /* FillInBlankView.swift in Sources */,
				39FA15652C9606350054B99E /* ProgressBar.swift in Sources */,
				CBCE14862C9EAA8C00EBA21B /* GifImageView.swift in Sources */,
				E29B16AA2C9B142100673121 /* FillInBlankViewModel.swift in Sources */,
				398F19962C99AF5B0023515B /* DrawingView.swift in Sources */,
				39FA155A2C948E1A0054B99E /* PageCurlViewController.swift in Sources */,
				E29B16A72C9B140900673121 /* FillInBlankQuestion.swift in Sources */,
				39FA15582C948DF00054B99E /* OpenBookView.swift in Sources */,
				398F199E2C99B2480023515B /* NoteManager.swift in Sources */,
				39FA15542C948D7D0054B99E /* BookDetailView.swift in Sources */,
				393FC71B2C8F46B200028F1D /* DemoViewModel.swift in Sources */,
				E29B16B02C9B142B00673121 /* FillInBlankSubView.swift in Sources */,
				39FA15542C948D7D0054B99E /* BookDetailView.swift in Sources */,
				759101D52C96EFC300930574 /* WelcomeView.swift in Sources */,
				7594A70B2C96D169000084FA /* SignUpView.swift in Sources */,
				39FA15522C948D540054B99E /* SimpleView.swift in Sources */,
				75668E022C9183F90052F78C /* Modifiers.swift in Sources */,
				75690EF42C99E06D00E4B2C3 /* ContentView.swift in Sources */,
				E2CD24322C95740000B4E0D5 /* MatchingGameViewModel.swift in Sources */,
				CBD8AFBD2C9EA8AE0018AF4D /* DongNaiThuongView.swift in Sources */,
				CBD8AFBE2C9EA8AE0018AF4D /*  HocMonView.swift in Sources */,
				CBD8AFBF2C9EA8AE0018AF4D /* VoNhaiView.swift in Sources */,
				CBD8AFC02C9EA8AE0018AF4D /*  BacGiangView.swift in Sources */,
				CBD8AFC12C9EA8AE0018AF4D /* TanTraoView.swift in Sources */,
				7594A7092C96D0CF000084FA /* LoginView.swift in Sources */,
				7594A6F82C969065000084FA /* User.swift in Sources */,
			);
			runOnlyForDeploymentPostprocessing = 0;
		};
/* End PBXSourcesBuildPhase section */

/* Begin XCBuildConfiguration section */
		393FC70D2C8F450600028F1D /* Debug */ = {
			isa = XCBuildConfiguration;
			buildSettings = {
				ALWAYS_SEARCH_USER_PATHS = NO;
				ASSETCATALOG_COMPILER_GENERATE_SWIFT_ASSET_SYMBOL_EXTENSIONS = YES;
				CLANG_ANALYZER_NONNULL = YES;
				CLANG_ANALYZER_NUMBER_OBJECT_CONVERSION = YES_AGGRESSIVE;
				CLANG_CXX_LANGUAGE_STANDARD = "gnu++20";
				CLANG_ENABLE_MODULES = YES;
				CLANG_ENABLE_OBJC_ARC = YES;
				CLANG_ENABLE_OBJC_WEAK = YES;
				CLANG_WARN_BLOCK_CAPTURE_AUTORELEASING = YES;
				CLANG_WARN_BOOL_CONVERSION = YES;
				CLANG_WARN_COMMA = YES;
				CLANG_WARN_CONSTANT_CONVERSION = YES;
				CLANG_WARN_DEPRECATED_OBJC_IMPLEMENTATIONS = YES;
				CLANG_WARN_DIRECT_OBJC_ISA_USAGE = YES_ERROR;
				CLANG_WARN_DOCUMENTATION_COMMENTS = YES;
				CLANG_WARN_EMPTY_BODY = YES;
				CLANG_WARN_ENUM_CONVERSION = YES;
				CLANG_WARN_INFINITE_RECURSION = YES;
				CLANG_WARN_INT_CONVERSION = YES;
				CLANG_WARN_NON_LITERAL_NULL_CONVERSION = YES;
				CLANG_WARN_OBJC_IMPLICIT_RETAIN_SELF = YES;
				CLANG_WARN_OBJC_LITERAL_CONVERSION = YES;
				CLANG_WARN_OBJC_ROOT_CLASS = YES_ERROR;
				CLANG_WARN_QUOTED_INCLUDE_IN_FRAMEWORK_HEADER = YES;
				CLANG_WARN_RANGE_LOOP_ANALYSIS = YES;
				CLANG_WARN_STRICT_PROTOTYPES = YES;
				CLANG_WARN_SUSPICIOUS_MOVE = YES;
				CLANG_WARN_UNGUARDED_AVAILABILITY = YES_AGGRESSIVE;
				CLANG_WARN_UNREACHABLE_CODE = YES;
				CLANG_WARN__DUPLICATE_METHOD_MATCH = YES;
				COPY_PHASE_STRIP = NO;
				DEBUG_INFORMATION_FORMAT = dwarf;
				ENABLE_STRICT_OBJC_MSGSEND = YES;
				ENABLE_TESTABILITY = YES;
				ENABLE_USER_SCRIPT_SANDBOXING = YES;
				GCC_C_LANGUAGE_STANDARD = gnu17;
				GCC_DYNAMIC_NO_PIC = NO;
				GCC_NO_COMMON_BLOCKS = YES;
				GCC_OPTIMIZATION_LEVEL = 0;
				GCC_PREPROCESSOR_DEFINITIONS = (
					"DEBUG=1",
					"$(inherited)",
				);
				GCC_WARN_64_TO_32_BIT_CONVERSION = YES;
				GCC_WARN_ABOUT_RETURN_TYPE = YES_ERROR;
				GCC_WARN_UNDECLARED_SELECTOR = YES;
				GCC_WARN_UNINITIALIZED_AUTOS = YES_AGGRESSIVE;
				GCC_WARN_UNUSED_FUNCTION = YES;
				GCC_WARN_UNUSED_VARIABLE = YES;
				IPHONEOS_DEPLOYMENT_TARGET = 17.5;
				LOCALIZATION_PREFERS_STRING_CATALOGS = YES;
				MTL_ENABLE_DEBUG_INFO = INCLUDE_SOURCE;
				MTL_FAST_MATH = YES;
				ONLY_ACTIVE_ARCH = YES;
				SDKROOT = iphoneos;
				SWIFT_ACTIVE_COMPILATION_CONDITIONS = "DEBUG $(inherited)";
				SWIFT_OPTIMIZATION_LEVEL = "-Onone";
			};
			name = Debug;
		};
		393FC70E2C8F450600028F1D /* Release */ = {
			isa = XCBuildConfiguration;
			buildSettings = {
				ALWAYS_SEARCH_USER_PATHS = NO;
				ASSETCATALOG_COMPILER_GENERATE_SWIFT_ASSET_SYMBOL_EXTENSIONS = YES;
				CLANG_ANALYZER_NONNULL = YES;
				CLANG_ANALYZER_NUMBER_OBJECT_CONVERSION = YES_AGGRESSIVE;
				CLANG_CXX_LANGUAGE_STANDARD = "gnu++20";
				CLANG_ENABLE_MODULES = YES;
				CLANG_ENABLE_OBJC_ARC = YES;
				CLANG_ENABLE_OBJC_WEAK = YES;
				CLANG_WARN_BLOCK_CAPTURE_AUTORELEASING = YES;
				CLANG_WARN_BOOL_CONVERSION = YES;
				CLANG_WARN_COMMA = YES;
				CLANG_WARN_CONSTANT_CONVERSION = YES;
				CLANG_WARN_DEPRECATED_OBJC_IMPLEMENTATIONS = YES;
				CLANG_WARN_DIRECT_OBJC_ISA_USAGE = YES_ERROR;
				CLANG_WARN_DOCUMENTATION_COMMENTS = YES;
				CLANG_WARN_EMPTY_BODY = YES;
				CLANG_WARN_ENUM_CONVERSION = YES;
				CLANG_WARN_INFINITE_RECURSION = YES;
				CLANG_WARN_INT_CONVERSION = YES;
				CLANG_WARN_NON_LITERAL_NULL_CONVERSION = YES;
				CLANG_WARN_OBJC_IMPLICIT_RETAIN_SELF = YES;
				CLANG_WARN_OBJC_LITERAL_CONVERSION = YES;
				CLANG_WARN_OBJC_ROOT_CLASS = YES_ERROR;
				CLANG_WARN_QUOTED_INCLUDE_IN_FRAMEWORK_HEADER = YES;
				CLANG_WARN_RANGE_LOOP_ANALYSIS = YES;
				CLANG_WARN_STRICT_PROTOTYPES = YES;
				CLANG_WARN_SUSPICIOUS_MOVE = YES;
				CLANG_WARN_UNGUARDED_AVAILABILITY = YES_AGGRESSIVE;
				CLANG_WARN_UNREACHABLE_CODE = YES;
				CLANG_WARN__DUPLICATE_METHOD_MATCH = YES;
				COPY_PHASE_STRIP = NO;
				DEBUG_INFORMATION_FORMAT = "dwarf-with-dsym";
				ENABLE_NS_ASSERTIONS = NO;
				ENABLE_STRICT_OBJC_MSGSEND = YES;
				ENABLE_USER_SCRIPT_SANDBOXING = YES;
				GCC_C_LANGUAGE_STANDARD = gnu17;
				GCC_NO_COMMON_BLOCKS = YES;
				GCC_WARN_64_TO_32_BIT_CONVERSION = YES;
				GCC_WARN_ABOUT_RETURN_TYPE = YES_ERROR;
				GCC_WARN_UNDECLARED_SELECTOR = YES;
				GCC_WARN_UNINITIALIZED_AUTOS = YES_AGGRESSIVE;
				GCC_WARN_UNUSED_FUNCTION = YES;
				GCC_WARN_UNUSED_VARIABLE = YES;
				IPHONEOS_DEPLOYMENT_TARGET = 17.5;
				LOCALIZATION_PREFERS_STRING_CATALOGS = YES;
				MTL_ENABLE_DEBUG_INFO = NO;
				MTL_FAST_MATH = YES;
				SDKROOT = iphoneos;
				SWIFT_COMPILATION_MODE = wholemodule;
				VALIDATE_PRODUCT = YES;
			};
			name = Release;
		};
		393FC7102C8F450600028F1D /* Debug */ = {
			isa = XCBuildConfiguration;
			buildSettings = {
				ASSETCATALOG_COMPILER_APPICON_NAME = AppIcon;
				ASSETCATALOG_COMPILER_GLOBAL_ACCENT_COLOR_NAME = AccentColor;
				CODE_SIGN_STYLE = Automatic;
				CURRENT_PROJECT_VERSION = 1;
				DEVELOPMENT_ASSET_PATHS = "\"SG-Group15/Preview Content\"";
				DEVELOPMENT_TEAM = "";
				ENABLE_PREVIEWS = YES;
				GENERATE_INFOPLIST_FILE = YES;
				INFOPLIST_FILE = "SG-Group15/Info.plist";
				INFOPLIST_KEY_UIApplicationSceneManifest_Generation = YES;
				INFOPLIST_KEY_UIApplicationSupportsIndirectInputEvents = YES;
				INFOPLIST_KEY_UILaunchScreen_Generation = YES;
				INFOPLIST_KEY_UISupportedInterfaceOrientations_iPad = "UIInterfaceOrientationPortrait UIInterfaceOrientationPortraitUpsideDown UIInterfaceOrientationLandscapeLeft UIInterfaceOrientationLandscapeRight";
				INFOPLIST_KEY_UISupportedInterfaceOrientations_iPhone = "UIInterfaceOrientationPortrait UIInterfaceOrientationLandscapeLeft UIInterfaceOrientationLandscapeRight";
				LD_RUNPATH_SEARCH_PATHS = (
					"$(inherited)",
					"@executable_path/Frameworks",
				);
				MARKETING_VERSION = 1.0;
				PRODUCT_BUNDLE_IDENTIFIER = "vn.edu.rmit.nana.SG-Group15";
				PRODUCT_NAME = "$(TARGET_NAME)";
				SWIFT_EMIT_LOC_STRINGS = YES;
				SWIFT_VERSION = 5.0;
				TARGETED_DEVICE_FAMILY = "1,2";
			};
			name = Debug;
		};
		393FC7112C8F450600028F1D /* Release */ = {
			isa = XCBuildConfiguration;
			buildSettings = {
				ASSETCATALOG_COMPILER_APPICON_NAME = AppIcon;
				ASSETCATALOG_COMPILER_GLOBAL_ACCENT_COLOR_NAME = AccentColor;
				CODE_SIGN_STYLE = Automatic;
				CURRENT_PROJECT_VERSION = 1;
				DEVELOPMENT_ASSET_PATHS = "\"SG-Group15/Preview Content\"";
				DEVELOPMENT_TEAM = "";
				ENABLE_PREVIEWS = YES;
				GENERATE_INFOPLIST_FILE = YES;
				INFOPLIST_FILE = "SG-Group15/Info.plist";
				INFOPLIST_KEY_UIApplicationSceneManifest_Generation = YES;
				INFOPLIST_KEY_UIApplicationSupportsIndirectInputEvents = YES;
				INFOPLIST_KEY_UILaunchScreen_Generation = YES;
				INFOPLIST_KEY_UISupportedInterfaceOrientations_iPad = "UIInterfaceOrientationPortrait UIInterfaceOrientationPortraitUpsideDown UIInterfaceOrientationLandscapeLeft UIInterfaceOrientationLandscapeRight";
				INFOPLIST_KEY_UISupportedInterfaceOrientations_iPhone = "UIInterfaceOrientationPortrait UIInterfaceOrientationLandscapeLeft UIInterfaceOrientationLandscapeRight";
				LD_RUNPATH_SEARCH_PATHS = (
					"$(inherited)",
					"@executable_path/Frameworks",
				);
				MARKETING_VERSION = 1.0;
				PRODUCT_BUNDLE_IDENTIFIER = "vn.edu.rmit.nana.SG-Group15";
				PRODUCT_NAME = "$(TARGET_NAME)";
				PROVISIONING_PROFILE_SPECIFIER = "";
				SWIFT_EMIT_LOC_STRINGS = YES;
				SWIFT_VERSION = 5.0;
				TARGETED_DEVICE_FAMILY = "1,2";
			};
			name = Release;
		};
/* End XCBuildConfiguration section */

/* Begin XCConfigurationList section */
		393FC6FC2C8F450400028F1D /* Build configuration list for PBXProject "SG-Group15" */ = {
			isa = XCConfigurationList;
			buildConfigurations = (
				393FC70D2C8F450600028F1D /* Debug */,
				393FC70E2C8F450600028F1D /* Release */,
			);
			defaultConfigurationIsVisible = 0;
			defaultConfigurationName = Release;
		};
		393FC70F2C8F450600028F1D /* Build configuration list for PBXNativeTarget "SG-Group15" */ = {
			isa = XCConfigurationList;
			buildConfigurations = (
				393FC7102C8F450600028F1D /* Debug */,
				393FC7112C8F450600028F1D /* Release */,
			);
			defaultConfigurationIsVisible = 0;
			defaultConfigurationName = Release;
		};
/* End XCConfigurationList section */

/* Begin XCRemoteSwiftPackageReference section */
		75690F1D2C99E9A700E4B2C3 /* XCRemoteSwiftPackageReference "GoogleSignIn-iOS" */ = {
			isa = XCRemoteSwiftPackageReference;
			repositoryURL = "https://github.com/google/GoogleSignIn-iOS";
			requirement = {
				kind = upToNextMajorVersion;
				minimumVersion = 8.0.0;
			};
		};
		75690F222C99E9CE00E4B2C3 /* XCRemoteSwiftPackageReference "firebase-ios-sdk" */ = {
			isa = XCRemoteSwiftPackageReference;
			repositoryURL = "https://github.com/firebase/firebase-ios-sdk";
			requirement = {
				kind = upToNextMajorVersion;
				minimumVersion = 11.2.0;
			};
		};
/* End XCRemoteSwiftPackageReference section */

/* Begin XCSwiftPackageProductDependency section */
		75690F1E2C99E9A700E4B2C3 /* GoogleSignIn */ = {
			isa = XCSwiftPackageProductDependency;
			package = 75690F1D2C99E9A700E4B2C3 /* XCRemoteSwiftPackageReference "GoogleSignIn-iOS" */;
			productName = GoogleSignIn;
		};
		75690F202C99E9A700E4B2C3 /* GoogleSignInSwift */ = {
			isa = XCSwiftPackageProductDependency;
			package = 75690F1D2C99E9A700E4B2C3 /* XCRemoteSwiftPackageReference "GoogleSignIn-iOS" */;
			productName = GoogleSignInSwift;
		};
		75690F232C99E9CE00E4B2C3 /* FirebaseAuth */ = {
			isa = XCSwiftPackageProductDependency;
			package = 75690F222C99E9CE00E4B2C3 /* XCRemoteSwiftPackageReference "firebase-ios-sdk" */;
			productName = FirebaseAuth;
		};
		75690F252C99E9CE00E4B2C3 /* FirebaseDatabase */ = {
			isa = XCSwiftPackageProductDependency;
			package = 75690F222C99E9CE00E4B2C3 /* XCRemoteSwiftPackageReference "firebase-ios-sdk" */;
			productName = FirebaseDatabase;
		};
		75690F272C99E9CE00E4B2C3 /* FirebaseFirestore */ = {
			isa = XCSwiftPackageProductDependency;
			package = 75690F222C99E9CE00E4B2C3 /* XCRemoteSwiftPackageReference "firebase-ios-sdk" */;
			productName = FirebaseFirestore;
		};
		75690F292C99E9CE00E4B2C3 /* FirebaseStorage */ = {
			isa = XCSwiftPackageProductDependency;
			package = 75690F222C99E9CE00E4B2C3 /* XCRemoteSwiftPackageReference "firebase-ios-sdk" */;
			productName = FirebaseStorage;
		};
/* End XCSwiftPackageProductDependency section */
	};
	rootObject = 393FC6F92C8F450400028F1D /* Project object */;
}
