// !$*UTF8*$!
{
	archiveVersion = 1;
	classes = {
	};
	objectVersion = 56;
	objects = {

/* Begin PBXBuildFile section */
		391848DC2C9B359F004B4367 /* NonDismissableSheet.swift in Sources */ = {isa = PBXBuildFile; fileRef = 391848DB2C9B359F004B4367 /* NonDismissableSheet.swift */; };
		391848DE2C9B35E4004B4367 /* PopUpView.swift in Sources */ = {isa = PBXBuildFile; fileRef = 391848DD2C9B35E4004B4367 /* PopUpView.swift */; };
		391E50EA2C9F01350099043D /* MainView.swift in Sources */ = {isa = PBXBuildFile; fileRef = 391E50E92C9F01350099043D /* MainView.swift */; };
		391E50EC2C9F361B0099043D /* NoteViewModel.swift in Sources */ = {isa = PBXBuildFile; fileRef = 391E50EB2C9F361B0099043D /* NoteViewModel.swift */; };
		391E50EE2C9FC9E00099043D /* NoteListView.swift in Sources */ = {isa = PBXBuildFile; fileRef = 391E50ED2C9FC9E00099043D /* NoteListView.swift */; };
		391E50F02C9FCBAB0099043D /* NoteCardView.swift in Sources */ = {isa = PBXBuildFile; fileRef = 391E50EF2C9FCBAB0099043D /* NoteCardView.swift */; };
		391E50F22C9FD67A0099043D /* InputBoxView.swift in Sources */ = {isa = PBXBuildFile; fileRef = 391E50F12C9FD67A0099043D /* InputBoxView.swift */; };
		391E50F62C9FDA210099043D /* ColorPicker.swift in Sources */ = {isa = PBXBuildFile; fileRef = 391E50F52C9FDA210099043D /* ColorPicker.swift */; };
		391FD23A2C9C8A99007A6AD9 /* BookMenuView.swift in Sources */ = {isa = PBXBuildFile; fileRef = 391FD2392C9C8A99007A6AD9 /* BookMenuView.swift */; };
		393FC7092C8F450600028F1D /* Assets.xcassets in Resources */ = {isa = PBXBuildFile; fileRef = 393FC7082C8F450600028F1D /* Assets.xcassets */; };
		393FC70C2C8F450600028F1D /* Preview Assets.xcassets in Resources */ = {isa = PBXBuildFile; fileRef = 393FC70B2C8F450600028F1D /* Preview Assets.xcassets */; };
		398F19922C99AEE50023515B /* PencilCanvasView.swift in Sources */ = {isa = PBXBuildFile; fileRef = 398F19912C99AEE50023515B /* PencilCanvasView.swift */; };
		398F19962C99AF5B0023515B /* DrawingView.swift in Sources */ = {isa = PBXBuildFile; fileRef = 398F19952C99AF5B0023515B /* DrawingView.swift */; };
		398F19982C99AF940023515B /* Note.swift in Sources */ = {isa = PBXBuildFile; fileRef = 398F19972C99AF940023515B /* Note.swift */; };
		398F199A2C99B0F60023515B /* TypingView.swift in Sources */ = {isa = PBXBuildFile; fileRef = 398F19992C99B0F60023515B /* TypingView.swift */; };
		398F199C2C99B1AB0023515B /* TabViewNote.swift in Sources */ = {isa = PBXBuildFile; fileRef = 398F199B2C99B1AB0023515B /* TabViewNote.swift */; };
		398F199E2C99B2480023515B /* NoteManager.swift in Sources */ = {isa = PBXBuildFile; fileRef = 398F199D2C99B2470023515B /* NoteManager.swift */; };
		398F19A02C99F5710023515B /* MultipleChoiceView.swift in Sources */ = {isa = PBXBuildFile; fileRef = 398F199F2C99F5710023515B /* MultipleChoiceView.swift */; };
		39CC00B52CA04CEC00269B56 /* NavBar.swift in Sources */ = {isa = PBXBuildFile; fileRef = 39CC00B42CA04CEC00269B56 /* NavBar.swift */; };
		39CC00B72CA04F6B00269B56 /* MenuView.swift in Sources */ = {isa = PBXBuildFile; fileRef = 39CC00B62CA04F6B00269B56 /* MenuView.swift */; };
		39CC00B92CA06EC200269B56 /* FilterView.swift in Sources */ = {isa = PBXBuildFile; fileRef = 39CC00B82CA06EC200269B56 /* FilterView.swift */; };
		39E7CC632C9E7D8A0083E41F /* Login.swift in Sources */ = {isa = PBXBuildFile; fileRef = 39E7CC622C9E7D8A0083E41F /* Login.swift */; };
		39EC9A492C9ED2E400689BAD /* SignUp.swift in Sources */ = {isa = PBXBuildFile; fileRef = 39EC9A482C9ED2E300689BAD /* SignUp.swift */; };
		39FA15562C948DBE0054B99E /* BookView.swift in Sources */ = {isa = PBXBuildFile; fileRef = 39FA15552C948DBE0054B99E /* BookView.swift */; };
		39FA15582C948DF00054B99E /* OpenBookView.swift in Sources */ = {isa = PBXBuildFile; fileRef = 39FA15572C948DF00054B99E /* OpenBookView.swift */; };
		39FA155A2C948E1A0054B99E /* PageCurlViewController.swift in Sources */ = {isa = PBXBuildFile; fileRef = 39FA15592C948E1A0054B99E /* PageCurlViewController.swift */; };
		39FA155E2C95708F0054B99E /* PageModel.swift in Sources */ = {isa = PBXBuildFile; fileRef = 39FA155D2C95708F0054B99E /* PageModel.swift */; };
		39FA15602C957CB10054B99E /* CoverPageView.swift in Sources */ = {isa = PBXBuildFile; fileRef = 39FA155F2C957CB10054B99E /* CoverPageView.swift */; };
		39FA15652C9606350054B99E /* ProgressBar.swift in Sources */ = {isa = PBXBuildFile; fileRef = 39FA15642C9606350054B99E /* ProgressBar.swift */; };
		39FA15672C960D710054B99E /* ChoiceButton.swift in Sources */ = {isa = PBXBuildFile; fileRef = 39FA15662C960D710054B99E /* ChoiceButton.swift */; };
		39FA15692C960FB20054B99E /* MultipleChoiceQuestion.swift in Sources */ = {isa = PBXBuildFile; fileRef = 39FA15682C960FB20054B99E /* MultipleChoiceQuestion.swift */; };
		7534ECC22C99826600F38696 /* Roboto-ThinItalic.ttf in Resources */ = {isa = PBXBuildFile; fileRef = 7534ECC12C99826600F38696 /* Roboto-ThinItalic.ttf */; };
		7534ECC42C99827100F38696 /* Roboto-Thin.ttf in Resources */ = {isa = PBXBuildFile; fileRef = 7534ECC32C99827100F38696 /* Roboto-Thin.ttf */; };
		7534ECCA2C99991700F38696 /* GoogleService-Info.plist in Resources */ = {isa = PBXBuildFile; fileRef = 7534ECC92C99991700F38696 /* GoogleService-Info.plist */; };
		7549644B2C9ED7EC00C3022E /* Book.swift in Sources */ = {isa = PBXBuildFile; fileRef = 7549644A2C9ED7EC00C3022E /* Book.swift */; };
		7549644D2C9ED80B00C3022E /* Chapter.swift in Sources */ = {isa = PBXBuildFile; fileRef = 7549644C2C9ED80B00C3022E /* Chapter.swift */; };
		7549644F2C9ED83500C3022E /* MatchingQuestion.swift in Sources */ = {isa = PBXBuildFile; fileRef = 7549644E2C9ED83500C3022E /* MatchingQuestion.swift */; };
		754964512C9ED88700C3022E /* QuestionProtocol.swift in Sources */ = {isa = PBXBuildFile; fileRef = 754964502C9ED88700C3022E /* QuestionProtocol.swift */; };
		754964532C9EDBA600C3022E /* BookViewModel.swift in Sources */ = {isa = PBXBuildFile; fileRef = 754964522C9EDBA600C3022E /* BookViewModel.swift */; };
		754964552C9EDBC200C3022E /* DefaultQuestionVMFactory.swift in Sources */ = {isa = PBXBuildFile; fileRef = 754964542C9EDBC200C3022E /* DefaultQuestionVMFactory.swift */; };
		754964572C9EDC0300C3022E /* MultipleChoiceViewModel.swift in Sources */ = {isa = PBXBuildFile; fileRef = 754964562C9EDC0300C3022E /* MultipleChoiceViewModel.swift */; };
		754964592C9EDC2400C3022E /* QuestionVMFactory.swift in Sources */ = {isa = PBXBuildFile; fileRef = 754964582C9EDC2400C3022E /* QuestionVMFactory.swift */; };
		7549645B2C9EDC3800C3022E /* QuestionViewModel.swift in Sources */ = {isa = PBXBuildFile; fileRef = 7549645A2C9EDC3800C3022E /* QuestionViewModel.swift */; };
		7549645C2C9EE66C00C3022E /* BookDetailView.swift in Sources */ = {isa = PBXBuildFile; fileRef = 39FA15532C948D7D0054B99E /* BookDetailView.swift */; };
		7549645F2C9EF52300C3022E /* EventView.swift in Sources */ = {isa = PBXBuildFile; fileRef = 7549645E2C9EF52300C3022E /* EventView.swift */; };
		754964612C9EF55E00C3022E /* TimePeriodView.swift in Sources */ = {isa = PBXBuildFile; fileRef = 754964602C9EF55E00C3022E /* TimePeriodView.swift */; };
		754964632C9EF60A00C3022E /* ResultView.swift in Sources */ = {isa = PBXBuildFile; fileRef = 754964622C9EF60A00C3022E /* ResultView.swift */; };
		75668E022C9183F90052F78C /* Modifiers.swift in Sources */ = {isa = PBXBuildFile; fileRef = 75668E012C9183F90052F78C /* Modifiers.swift */; };
		75690EF42C99E06D00E4B2C3 /* ContentView.swift in Sources */ = {isa = PBXBuildFile; fileRef = 75690EF32C99E06D00E4B2C3 /* ContentView.swift */; };
		75690F042C99E34B00E4B2C3 /* SG_Group15App.swift in Sources */ = {isa = PBXBuildFile; fileRef = 393FC7042C8F450400028F1D /* SG_Group15App.swift */; };
		75690F1F2C99E9A700E4B2C3 /* GoogleSignIn in Frameworks */ = {isa = PBXBuildFile; productRef = 75690F1E2C99E9A700E4B2C3 /* GoogleSignIn */; };
		75690F212C99E9A700E4B2C3 /* GoogleSignInSwift in Frameworks */ = {isa = PBXBuildFile; productRef = 75690F202C99E9A700E4B2C3 /* GoogleSignInSwift */; };
		75690F242C99E9CE00E4B2C3 /* FirebaseAuth in Frameworks */ = {isa = PBXBuildFile; productRef = 75690F232C99E9CE00E4B2C3 /* FirebaseAuth */; };
		75690F262C99E9CE00E4B2C3 /* FirebaseDatabase in Frameworks */ = {isa = PBXBuildFile; productRef = 75690F252C99E9CE00E4B2C3 /* FirebaseDatabase */; };
		75690F282C99E9CE00E4B2C3 /* FirebaseFirestore in Frameworks */ = {isa = PBXBuildFile; productRef = 75690F272C99E9CE00E4B2C3 /* FirebaseFirestore */; };
		75690F2A2C99E9CE00E4B2C3 /* FirebaseStorage in Frameworks */ = {isa = PBXBuildFile; productRef = 75690F292C99E9CE00E4B2C3 /* FirebaseStorage */; };
		759101D52C96EFC300930574 /* WelcomeView.swift in Sources */ = {isa = PBXBuildFile; fileRef = 759101D42C96EFC300930574 /* WelcomeView.swift */; };
		7594A6F82C969065000084FA /* User.swift in Sources */ = {isa = PBXBuildFile; fileRef = 7594A6F72C969065000084FA /* User.swift */; };
		7594A6FA2C969163000084FA /* UserViewModel.swift in Sources */ = {isa = PBXBuildFile; fileRef = 7594A6F92C969163000084FA /* UserViewModel.swift */; };
		75AD4D502C947DBD00C8F37F /* Lato-Bold.ttf in Resources */ = {isa = PBXBuildFile; fileRef = 75AD4D4F2C947DBD00C8F37F /* Lato-Bold.ttf */; };
		75AD4D522C947DCA00C8F37F /* Lato-Regular.ttf in Resources */ = {isa = PBXBuildFile; fileRef = 75AD4D512C947DCA00C8F37F /* Lato-Regular.ttf */; };
		75AD4D542C947DEC00C8F37F /* OldStandardTT-Bold.ttf in Resources */ = {isa = PBXBuildFile; fileRef = 75AD4D532C947DEC00C8F37F /* OldStandardTT-Bold.ttf */; };
		75AD4D572C947FC800C8F37F /* Lato-Black.ttf in Resources */ = {isa = PBXBuildFile; fileRef = 75AD4D562C947FC800C8F37F /* Lato-Black.ttf */; };
		75D1F3C22CA02B6C0058C597 /* LanguageManager.swift in Sources */ = {isa = PBXBuildFile; fileRef = 75D1F3C12CA02B6C0058C597 /* LanguageManager.swift */; };
		75D1F3C52CA02B940058C597 /* AvatarPicker.swift in Sources */ = {isa = PBXBuildFile; fileRef = 75D1F3C42CA02B940058C597 /* AvatarPicker.swift */; };
		75D1F3C72CA02BAC0058C597 /* LanguagePicker.swift in Sources */ = {isa = PBXBuildFile; fileRef = 75D1F3C62CA02BAC0058C597 /* LanguagePicker.swift */; };
		75D1F3C92CA02BCC0058C597 /* MyProfileView.swift in Sources */ = {isa = PBXBuildFile; fileRef = 75D1F3C82CA02BCC0058C597 /* MyProfileView.swift */; };
		75D1F3CB2CA02BE20058C597 /* PersonInfo.swift in Sources */ = {isa = PBXBuildFile; fileRef = 75D1F3CA2CA02BE20058C597 /* PersonInfo.swift */; };
		75D1F3CD2CA02C060058C597 /* ThemePicker.swift in Sources */ = {isa = PBXBuildFile; fileRef = 75D1F3CC2CA02C060058C597 /* ThemePicker.swift */; };
		75DC0CEC2CA07C7E00E43D39 /* Localizable.xcstrings in Resources */ = {isa = PBXBuildFile; fileRef = 75DC0CEB2CA07C7E00E43D39 /* Localizable.xcstrings */; };
		75DC0CEE2CA07DA100E43D39 /* LoadingView.swift in Sources */ = {isa = PBXBuildFile; fileRef = 75DC0CED2CA07DA100E43D39 /* LoadingView.swift */; };
		E2598FD62C9F39D60056E409 /* SoundManager.swift in Sources */ = {isa = PBXBuildFile; fileRef = E2598FD52C9F39D60056E409 /* SoundManager.swift */; };
		E2598FD92C9F3A0F0056E409 /* correct.wav in Resources */ = {isa = PBXBuildFile; fileRef = E2598FD72C9F3A0F0056E409 /* correct.wav */; };
		E2598FDA2C9F3A0F0056E409 /* background.mp3 in Resources */ = {isa = PBXBuildFile; fileRef = E2598FD82C9F3A0F0056E409 /* background.mp3 */; };
		E2598FDD2C9F3A620056E409 /* fail.wav in Resources */ = {isa = PBXBuildFile; fileRef = E2598FDC2C9F3A610056E409 /* fail.wav */; };
		E29655392C94BD580099D136 /* TimelineGameModel.swift in Sources */ = {isa = PBXBuildFile; fileRef = E29655382C94BD580099D136 /* TimelineGameModel.swift */; };
		E296553D2C94BDBE0099D136 /* TimelineGameView.swift in Sources */ = {isa = PBXBuildFile; fileRef = E296553C2C94BDBE0099D136 /* TimelineGameView.swift */; };
		E296553F2C94BDDF0099D136 /* TimelineGameViewModel.swift in Sources */ = {isa = PBXBuildFile; fileRef = E296553E2C94BDDF0099D136 /* TimelineGameViewModel.swift */; };
		E29B16A52C9B140000673121 /* FillInBlankModel.swift in Sources */ = {isa = PBXBuildFile; fileRef = E29B16A42C9B140000673121 /* FillInBlankModel.swift */; };
		E29B16AA2C9B142100673121 /* FillInBlankViewModel.swift in Sources */ = {isa = PBXBuildFile; fileRef = E29B16A92C9B142100673121 /* FillInBlankViewModel.swift */; };
		E29B16AE2C9B142B00673121 /* FillInBlankView.swift in Sources */ = {isa = PBXBuildFile; fileRef = E29B16AB2C9B142B00673121 /* FillInBlankView.swift */; };
		E29B16AF2C9B142B00673121 /* TappableTextView.swift in Sources */ = {isa = PBXBuildFile; fileRef = E29B16AC2C9B142B00673121 /* TappableTextView.swift */; };
		E29B16B02C9B142B00673121 /* FillInBlankSubView.swift in Sources */ = {isa = PBXBuildFile; fileRef = E29B16AD2C9B142B00673121 /* FillInBlankSubView.swift */; };
		E2A71D2C2C9FC3BA00A2862D /* adventure.gif in Resources */ = {isa = PBXBuildFile; fileRef = E2A71D1A2C9FC3BA00A2862D /* adventure.gif */; };
		E2A71D2D2C9FC3BA00A2862D /* bomb.gif in Resources */ = {isa = PBXBuildFile; fileRef = E2A71D1B2C9FC3BA00A2862D /* bomb.gif */; };
		E2A71D2E2C9FC3BA00A2862D /* explosion.gif in Resources */ = {isa = PBXBuildFile; fileRef = E2A71D1C2C9FC3BA00A2862D /* explosion.gif */; };
		E2A71D2F2C9FC3BA00A2862D /* fight.gif in Resources */ = {isa = PBXBuildFile; fileRef = E2A71D1D2C9FC3BA00A2862D /* fight.gif */; };
		E2A71D302C9FC3BA00A2862D /* GifImageView.swift in Sources */ = {isa = PBXBuildFile; fileRef = E2A71D1E2C9FC3BA00A2862D /* GifImageView.swift */; };
		E2A71D392C9FC3BA00A2862D /* PositionCalculation.swift in Sources */ = {isa = PBXBuildFile; fileRef = E2A71D272C9FC3BA00A2862D /* PositionCalculation.swift */; };
		E2A71D3A2C9FC3BA00A2862D /* shield.gif in Resources */ = {isa = PBXBuildFile; fileRef = E2A71D282C9FC3BA00A2862D /* shield.gif */; };
		E2A71D3B2C9FC3BA00A2862D /* swords.gif in Resources */ = {isa = PBXBuildFile; fileRef = E2A71D292C9FC3BA00A2862D /* swords.gif */; };
		E2A71D3C2C9FC3BA00A2862D /* tank.gif in Resources */ = {isa = PBXBuildFile; fileRef = E2A71D2A2C9FC3BA00A2862D /* tank.gif */; };
		E2CD24302C9573BD00B4E0D5 /* MatchingGameView.swift in Sources */ = {isa = PBXBuildFile; fileRef = E2CD242F2C9573BD00B4E0D5 /* MatchingGameView.swift */; };
		E2CD24322C95740000B4E0D5 /* MatchingGameViewModel.swift in Sources */ = {isa = PBXBuildFile; fileRef = E2CD24312C95740000B4E0D5 /* MatchingGameViewModel.swift */; };
		E2F08F2E2C9FCA4E00038010 /* MapViewModel.swift in Sources */ = {isa = PBXBuildFile; fileRef = E2F08F2D2C9FCA4E00038010 /* MapViewModel.swift */; };
		E2F08F302C9FCB9600038010 /* MapComponentConfig.swift in Sources */ = {isa = PBXBuildFile; fileRef = E2F08F2F2C9FCB9600038010 /* MapComponentConfig.swift */; };
		E2F08F322C9FCD1200038010 /* MapViewManager.swift in Sources */ = {isa = PBXBuildFile; fileRef = E2F08F312C9FCD1200038010 /* MapViewManager.swift */; };
		E2F08F342C9FDC9700038010 /* MapType.swift in Sources */ = {isa = PBXBuildFile; fileRef = E2F08F332C9FDC9700038010 /* MapType.swift */; };
		E2F08F362C9FDCA800038010 /* MapData.swift in Sources */ = {isa = PBXBuildFile; fileRef = E2F08F352C9FDCA800038010 /* MapData.swift */; };
		E2F08F382C9FDCE100038010 /* MapViewProvider.swift in Sources */ = {isa = PBXBuildFile; fileRef = E2F08F372C9FDCE100038010 /* MapViewProvider.swift */; };
/* End PBXBuildFile section */

/* Begin PBXFileReference section */
		391848DB2C9B359F004B4367 /* NonDismissableSheet.swift */ = {isa = PBXFileReference; lastKnownFileType = sourcecode.swift; path = NonDismissableSheet.swift; sourceTree = "<group>"; };
		391848DD2C9B35E4004B4367 /* PopUpView.swift */ = {isa = PBXFileReference; lastKnownFileType = sourcecode.swift; path = PopUpView.swift; sourceTree = "<group>"; };
		391E50E92C9F01350099043D /* MainView.swift */ = {isa = PBXFileReference; lastKnownFileType = sourcecode.swift; path = MainView.swift; sourceTree = "<group>"; };
		391E50EB2C9F361B0099043D /* NoteViewModel.swift */ = {isa = PBXFileReference; lastKnownFileType = sourcecode.swift; path = NoteViewModel.swift; sourceTree = "<group>"; };
		391E50ED2C9FC9E00099043D /* NoteListView.swift */ = {isa = PBXFileReference; lastKnownFileType = sourcecode.swift; path = NoteListView.swift; sourceTree = "<group>"; };
		391E50EF2C9FCBAB0099043D /* NoteCardView.swift */ = {isa = PBXFileReference; lastKnownFileType = sourcecode.swift; path = NoteCardView.swift; sourceTree = "<group>"; };
		391E50F12C9FD67A0099043D /* InputBoxView.swift */ = {isa = PBXFileReference; lastKnownFileType = sourcecode.swift; path = InputBoxView.swift; sourceTree = "<group>"; };
		391E50F52C9FDA210099043D /* ColorPicker.swift */ = {isa = PBXFileReference; lastKnownFileType = sourcecode.swift; path = ColorPicker.swift; sourceTree = "<group>"; };
		391FD2392C9C8A99007A6AD9 /* BookMenuView.swift */ = {isa = PBXFileReference; lastKnownFileType = sourcecode.swift; path = BookMenuView.swift; sourceTree = "<group>"; };
		393FC7012C8F450400028F1D /* SG-Group15.app */ = {isa = PBXFileReference; explicitFileType = wrapper.application; includeInIndex = 0; path = "SG-Group15.app"; sourceTree = BUILT_PRODUCTS_DIR; };
		393FC7042C8F450400028F1D /* SG_Group15App.swift */ = {isa = PBXFileReference; lastKnownFileType = sourcecode.swift; path = SG_Group15App.swift; sourceTree = "<group>"; };
		393FC7082C8F450600028F1D /* Assets.xcassets */ = {isa = PBXFileReference; lastKnownFileType = folder.assetcatalog; path = Assets.xcassets; sourceTree = "<group>"; };
		393FC70B2C8F450600028F1D /* Preview Assets.xcassets */ = {isa = PBXFileReference; lastKnownFileType = folder.assetcatalog; path = "Preview Assets.xcassets"; sourceTree = "<group>"; };
		398F19912C99AEE50023515B /* PencilCanvasView.swift */ = {isa = PBXFileReference; lastKnownFileType = sourcecode.swift; path = PencilCanvasView.swift; sourceTree = "<group>"; };
		398F19952C99AF5B0023515B /* DrawingView.swift */ = {isa = PBXFileReference; lastKnownFileType = sourcecode.swift; path = DrawingView.swift; sourceTree = "<group>"; };
		398F19972C99AF940023515B /* Note.swift */ = {isa = PBXFileReference; lastKnownFileType = sourcecode.swift; path = Note.swift; sourceTree = "<group>"; };
		398F19992C99B0F60023515B /* TypingView.swift */ = {isa = PBXFileReference; lastKnownFileType = sourcecode.swift; path = TypingView.swift; sourceTree = "<group>"; };
		398F199B2C99B1AB0023515B /* TabViewNote.swift */ = {isa = PBXFileReference; lastKnownFileType = sourcecode.swift; path = TabViewNote.swift; sourceTree = "<group>"; };
		398F199D2C99B2470023515B /* NoteManager.swift */ = {isa = PBXFileReference; lastKnownFileType = sourcecode.swift; path = NoteManager.swift; sourceTree = "<group>"; };
		398F199F2C99F5710023515B /* MultipleChoiceView.swift */ = {isa = PBXFileReference; lastKnownFileType = sourcecode.swift; path = MultipleChoiceView.swift; sourceTree = "<group>"; };
		39CC00B42CA04CEC00269B56 /* NavBar.swift */ = {isa = PBXFileReference; lastKnownFileType = sourcecode.swift; path = NavBar.swift; sourceTree = "<group>"; };
		39CC00B62CA04F6B00269B56 /* MenuView.swift */ = {isa = PBXFileReference; lastKnownFileType = sourcecode.swift; path = MenuView.swift; sourceTree = "<group>"; };
		39CC00B82CA06EC200269B56 /* FilterView.swift */ = {isa = PBXFileReference; lastKnownFileType = sourcecode.swift; path = FilterView.swift; sourceTree = "<group>"; };
		39E7CC622C9E7D8A0083E41F /* Login.swift */ = {isa = PBXFileReference; lastKnownFileType = sourcecode.swift; path = Login.swift; sourceTree = "<group>"; };
		39EC9A482C9ED2E300689BAD /* SignUp.swift */ = {isa = PBXFileReference; lastKnownFileType = sourcecode.swift; path = SignUp.swift; sourceTree = "<group>"; };
		39FA15532C948D7D0054B99E /* BookDetailView.swift */ = {isa = PBXFileReference; lastKnownFileType = sourcecode.swift; path = BookDetailView.swift; sourceTree = "<group>"; };
		39FA15552C948DBE0054B99E /* BookView.swift */ = {isa = PBXFileReference; lastKnownFileType = sourcecode.swift; path = BookView.swift; sourceTree = "<group>"; };
		39FA15572C948DF00054B99E /* OpenBookView.swift */ = {isa = PBXFileReference; lastKnownFileType = sourcecode.swift; path = OpenBookView.swift; sourceTree = "<group>"; };
		39FA15592C948E1A0054B99E /* PageCurlViewController.swift */ = {isa = PBXFileReference; lastKnownFileType = sourcecode.swift; path = PageCurlViewController.swift; sourceTree = "<group>"; };
		39FA155D2C95708F0054B99E /* PageModel.swift */ = {isa = PBXFileReference; lastKnownFileType = sourcecode.swift; path = PageModel.swift; sourceTree = "<group>"; };
		39FA155F2C957CB10054B99E /* CoverPageView.swift */ = {isa = PBXFileReference; lastKnownFileType = sourcecode.swift; path = CoverPageView.swift; sourceTree = "<group>"; };
		39FA15642C9606350054B99E /* ProgressBar.swift */ = {isa = PBXFileReference; lastKnownFileType = sourcecode.swift; path = ProgressBar.swift; sourceTree = "<group>"; };
		39FA15662C960D710054B99E /* ChoiceButton.swift */ = {isa = PBXFileReference; lastKnownFileType = sourcecode.swift; path = ChoiceButton.swift; sourceTree = "<group>"; };
		39FA15682C960FB20054B99E /* MultipleChoiceQuestion.swift */ = {isa = PBXFileReference; lastKnownFileType = sourcecode.swift; path = MultipleChoiceQuestion.swift; sourceTree = "<group>"; };
		7534ECC12C99826600F38696 /* Roboto-ThinItalic.ttf */ = {isa = PBXFileReference; lastKnownFileType = file; path = "Roboto-ThinItalic.ttf"; sourceTree = "<group>"; };
		7534ECC32C99827100F38696 /* Roboto-Thin.ttf */ = {isa = PBXFileReference; lastKnownFileType = file; path = "Roboto-Thin.ttf"; sourceTree = "<group>"; };
		7534ECC92C99991700F38696 /* GoogleService-Info.plist */ = {isa = PBXFileReference; fileEncoding = 4; lastKnownFileType = text.plist.xml; path = "GoogleService-Info.plist"; sourceTree = "<group>"; };
		7549644A2C9ED7EC00C3022E /* Book.swift */ = {isa = PBXFileReference; lastKnownFileType = sourcecode.swift; path = Book.swift; sourceTree = "<group>"; };
		7549644C2C9ED80B00C3022E /* Chapter.swift */ = {isa = PBXFileReference; lastKnownFileType = sourcecode.swift; path = Chapter.swift; sourceTree = "<group>"; };
		7549644E2C9ED83500C3022E /* MatchingQuestion.swift */ = {isa = PBXFileReference; lastKnownFileType = sourcecode.swift; path = MatchingQuestion.swift; sourceTree = "<group>"; };
		754964502C9ED88700C3022E /* QuestionProtocol.swift */ = {isa = PBXFileReference; lastKnownFileType = sourcecode.swift; path = QuestionProtocol.swift; sourceTree = "<group>"; };
		754964522C9EDBA600C3022E /* BookViewModel.swift */ = {isa = PBXFileReference; lastKnownFileType = sourcecode.swift; path = BookViewModel.swift; sourceTree = "<group>"; };
		754964542C9EDBC200C3022E /* DefaultQuestionVMFactory.swift */ = {isa = PBXFileReference; lastKnownFileType = sourcecode.swift; path = DefaultQuestionVMFactory.swift; sourceTree = "<group>"; };
		754964562C9EDC0300C3022E /* MultipleChoiceViewModel.swift */ = {isa = PBXFileReference; lastKnownFileType = sourcecode.swift; path = MultipleChoiceViewModel.swift; sourceTree = "<group>"; };
		754964582C9EDC2400C3022E /* QuestionVMFactory.swift */ = {isa = PBXFileReference; lastKnownFileType = sourcecode.swift; path = QuestionVMFactory.swift; sourceTree = "<group>"; };
		7549645A2C9EDC3800C3022E /* QuestionViewModel.swift */ = {isa = PBXFileReference; lastKnownFileType = sourcecode.swift; path = QuestionViewModel.swift; sourceTree = "<group>"; };
		7549645E2C9EF52300C3022E /* EventView.swift */ = {isa = PBXFileReference; lastKnownFileType = sourcecode.swift; path = EventView.swift; sourceTree = "<group>"; };
		754964602C9EF55E00C3022E /* TimePeriodView.swift */ = {isa = PBXFileReference; lastKnownFileType = sourcecode.swift; path = TimePeriodView.swift; sourceTree = "<group>"; };
		754964622C9EF60A00C3022E /* ResultView.swift */ = {isa = PBXFileReference; lastKnownFileType = sourcecode.swift; path = ResultView.swift; sourceTree = "<group>"; };
		75668E012C9183F90052F78C /* Modifiers.swift */ = {isa = PBXFileReference; lastKnownFileType = sourcecode.swift; path = Modifiers.swift; sourceTree = "<group>"; };
		75690EF32C99E06D00E4B2C3 /* ContentView.swift */ = {isa = PBXFileReference; lastKnownFileType = sourcecode.swift; path = ContentView.swift; sourceTree = "<group>"; };
		759101D42C96EFC300930574 /* WelcomeView.swift */ = {isa = PBXFileReference; lastKnownFileType = sourcecode.swift; path = WelcomeView.swift; sourceTree = "<group>"; };
		7594A6F72C969065000084FA /* User.swift */ = {isa = PBXFileReference; lastKnownFileType = sourcecode.swift; path = User.swift; sourceTree = "<group>"; };
		7594A6F92C969163000084FA /* UserViewModel.swift */ = {isa = PBXFileReference; lastKnownFileType = sourcecode.swift; path = UserViewModel.swift; sourceTree = "<group>"; };
		75AD4D4F2C947DBD00C8F37F /* Lato-Bold.ttf */ = {isa = PBXFileReference; lastKnownFileType = file; path = "Lato-Bold.ttf"; sourceTree = "<group>"; };
		75AD4D512C947DCA00C8F37F /* Lato-Regular.ttf */ = {isa = PBXFileReference; lastKnownFileType = file; path = "Lato-Regular.ttf"; sourceTree = "<group>"; };
		75AD4D532C947DEC00C8F37F /* OldStandardTT-Bold.ttf */ = {isa = PBXFileReference; lastKnownFileType = file; path = "OldStandardTT-Bold.ttf"; sourceTree = "<group>"; };
		75AD4D552C947E2A00C8F37F /* Info.plist */ = {isa = PBXFileReference; lastKnownFileType = text.plist; path = Info.plist; sourceTree = "<group>"; };
		75AD4D562C947FC800C8F37F /* Lato-Black.ttf */ = {isa = PBXFileReference; lastKnownFileType = file; path = "Lato-Black.ttf"; sourceTree = "<group>"; };
		75D1F3C12CA02B6C0058C597 /* LanguageManager.swift */ = {isa = PBXFileReference; lastKnownFileType = sourcecode.swift; path = LanguageManager.swift; sourceTree = "<group>"; };
		75D1F3C42CA02B940058C597 /* AvatarPicker.swift */ = {isa = PBXFileReference; lastKnownFileType = sourcecode.swift; path = AvatarPicker.swift; sourceTree = "<group>"; };
		75D1F3C62CA02BAC0058C597 /* LanguagePicker.swift */ = {isa = PBXFileReference; lastKnownFileType = sourcecode.swift; path = LanguagePicker.swift; sourceTree = "<group>"; };
		75D1F3C82CA02BCC0058C597 /* MyProfileView.swift */ = {isa = PBXFileReference; lastKnownFileType = sourcecode.swift; path = MyProfileView.swift; sourceTree = "<group>"; };
		75D1F3CA2CA02BE20058C597 /* PersonInfo.swift */ = {isa = PBXFileReference; lastKnownFileType = sourcecode.swift; path = PersonInfo.swift; sourceTree = "<group>"; };
		75D1F3CC2CA02C060058C597 /* ThemePicker.swift */ = {isa = PBXFileReference; lastKnownFileType = sourcecode.swift; path = ThemePicker.swift; sourceTree = "<group>"; };
		75DC0CEB2CA07C7E00E43D39 /* Localizable.xcstrings */ = {isa = PBXFileReference; lastKnownFileType = text.json.xcstrings; path = Localizable.xcstrings; sourceTree = "<group>"; };
		75DC0CED2CA07DA100E43D39 /* LoadingView.swift */ = {isa = PBXFileReference; lastKnownFileType = sourcecode.swift; path = LoadingView.swift; sourceTree = "<group>"; };
		E2598FD52C9F39D60056E409 /* SoundManager.swift */ = {isa = PBXFileReference; lastKnownFileType = sourcecode.swift; path = SoundManager.swift; sourceTree = "<group>"; };
		E2598FD72C9F3A0F0056E409 /* correct.wav */ = {isa = PBXFileReference; lastKnownFileType = audio.wav; path = correct.wav; sourceTree = "<group>"; };
		E2598FD82C9F3A0F0056E409 /* background.mp3 */ = {isa = PBXFileReference; lastKnownFileType = audio.mp3; path = background.mp3; sourceTree = "<group>"; };
		E2598FDC2C9F3A610056E409 /* fail.wav */ = {isa = PBXFileReference; lastKnownFileType = audio.wav; path = fail.wav; sourceTree = "<group>"; };
		E29655382C94BD580099D136 /* TimelineGameModel.swift */ = {isa = PBXFileReference; lastKnownFileType = sourcecode.swift; path = TimelineGameModel.swift; sourceTree = "<group>"; };
		E296553C2C94BDBE0099D136 /* TimelineGameView.swift */ = {isa = PBXFileReference; lastKnownFileType = sourcecode.swift; path = TimelineGameView.swift; sourceTree = "<group>"; };
		E296553E2C94BDDF0099D136 /* TimelineGameViewModel.swift */ = {isa = PBXFileReference; lastKnownFileType = sourcecode.swift; path = TimelineGameViewModel.swift; sourceTree = "<group>"; };
		E29B16A42C9B140000673121 /* FillInBlankModel.swift */ = {isa = PBXFileReference; fileEncoding = 4; lastKnownFileType = sourcecode.swift; path = FillInBlankModel.swift; sourceTree = "<group>"; };
		E29B16A92C9B142100673121 /* FillInBlankViewModel.swift */ = {isa = PBXFileReference; fileEncoding = 4; lastKnownFileType = sourcecode.swift; path = FillInBlankViewModel.swift; sourceTree = "<group>"; };
		E29B16AB2C9B142B00673121 /* FillInBlankView.swift */ = {isa = PBXFileReference; fileEncoding = 4; lastKnownFileType = sourcecode.swift; path = FillInBlankView.swift; sourceTree = "<group>"; };
		E29B16AC2C9B142B00673121 /* TappableTextView.swift */ = {isa = PBXFileReference; fileEncoding = 4; lastKnownFileType = sourcecode.swift; path = TappableTextView.swift; sourceTree = "<group>"; };
		E29B16AD2C9B142B00673121 /* FillInBlankSubView.swift */ = {isa = PBXFileReference; fileEncoding = 4; lastKnownFileType = sourcecode.swift; path = FillInBlankSubView.swift; sourceTree = "<group>"; };
		E2A71D1A2C9FC3BA00A2862D /* adventure.gif */ = {isa = PBXFileReference; lastKnownFileType = image.gif; path = adventure.gif; sourceTree = "<group>"; };
		E2A71D1B2C9FC3BA00A2862D /* bomb.gif */ = {isa = PBXFileReference; lastKnownFileType = image.gif; path = bomb.gif; sourceTree = "<group>"; };
		E2A71D1C2C9FC3BA00A2862D /* explosion.gif */ = {isa = PBXFileReference; lastKnownFileType = image.gif; path = explosion.gif; sourceTree = "<group>"; };
		E2A71D1D2C9FC3BA00A2862D /* fight.gif */ = {isa = PBXFileReference; lastKnownFileType = image.gif; path = fight.gif; sourceTree = "<group>"; };
		E2A71D1E2C9FC3BA00A2862D /* GifImageView.swift */ = {isa = PBXFileReference; fileEncoding = 4; lastKnownFileType = sourcecode.swift; path = GifImageView.swift; sourceTree = "<group>"; };
		E2A71D272C9FC3BA00A2862D /* PositionCalculation.swift */ = {isa = PBXFileReference; fileEncoding = 4; lastKnownFileType = sourcecode.swift; path = PositionCalculation.swift; sourceTree = "<group>"; };
		E2A71D282C9FC3BA00A2862D /* shield.gif */ = {isa = PBXFileReference; lastKnownFileType = image.gif; path = shield.gif; sourceTree = "<group>"; };
		E2A71D292C9FC3BA00A2862D /* swords.gif */ = {isa = PBXFileReference; lastKnownFileType = image.gif; path = swords.gif; sourceTree = "<group>"; };
		E2A71D2A2C9FC3BA00A2862D /* tank.gif */ = {isa = PBXFileReference; lastKnownFileType = image.gif; path = tank.gif; sourceTree = "<group>"; };
		E2CD242F2C9573BD00B4E0D5 /* MatchingGameView.swift */ = {isa = PBXFileReference; lastKnownFileType = sourcecode.swift; path = MatchingGameView.swift; sourceTree = "<group>"; };
		E2CD24312C95740000B4E0D5 /* MatchingGameViewModel.swift */ = {isa = PBXFileReference; lastKnownFileType = sourcecode.swift; path = MatchingGameViewModel.swift; sourceTree = "<group>"; };
		E2F08F2D2C9FCA4E00038010 /* MapViewModel.swift */ = {isa = PBXFileReference; lastKnownFileType = sourcecode.swift; path = MapViewModel.swift; sourceTree = "<group>"; };
		E2F08F2F2C9FCB9600038010 /* MapComponentConfig.swift */ = {isa = PBXFileReference; lastKnownFileType = sourcecode.swift; path = MapComponentConfig.swift; sourceTree = "<group>"; };
		E2F08F312C9FCD1200038010 /* MapViewManager.swift */ = {isa = PBXFileReference; lastKnownFileType = sourcecode.swift; path = MapViewManager.swift; sourceTree = "<group>"; };
		E2F08F332C9FDC9700038010 /* MapType.swift */ = {isa = PBXFileReference; lastKnownFileType = sourcecode.swift; path = MapType.swift; sourceTree = "<group>"; };
		E2F08F352C9FDCA800038010 /* MapData.swift */ = {isa = PBXFileReference; lastKnownFileType = sourcecode.swift; path = MapData.swift; sourceTree = "<group>"; };
		E2F08F372C9FDCE100038010 /* MapViewProvider.swift */ = {isa = PBXFileReference; lastKnownFileType = sourcecode.swift; path = MapViewProvider.swift; sourceTree = "<group>"; };
/* End PBXFileReference section */

/* Begin PBXFrameworksBuildPhase section */
		393FC6FE2C8F450400028F1D /* Frameworks */ = {
			isa = PBXFrameworksBuildPhase;
			buildActionMask = 2147483647;
			files = (
				75690F1F2C99E9A700E4B2C3 /* GoogleSignIn in Frameworks */,
				75690F242C99E9CE00E4B2C3 /* FirebaseAuth in Frameworks */,
				75690F262C99E9CE00E4B2C3 /* FirebaseDatabase in Frameworks */,
				75690F282C99E9CE00E4B2C3 /* FirebaseFirestore in Frameworks */,
				75690F212C99E9A700E4B2C3 /* GoogleSignInSwift in Frameworks */,
				75690F2A2C99E9CE00E4B2C3 /* FirebaseStorage in Frameworks */,
			);
			runOnlyForDeploymentPostprocessing = 0;
		};
/* End PBXFrameworksBuildPhase section */

/* Begin PBXGroup section */
		391848DA2C9B3587004B4367 /* PopUpView */ = {
			isa = PBXGroup;
			children = (
				391848DB2C9B359F004B4367 /* NonDismissableSheet.swift */,
				391848DD2C9B35E4004B4367 /* PopUpView.swift */,
			);
			path = PopUpView;
			sourceTree = "<group>";
		};
		393FC6F82C8F450400028F1D = {
			isa = PBXGroup;
			children = (
				393FC7032C8F450400028F1D /* SG-Group15 */,
				393FC7022C8F450400028F1D /* Products */,
			);
			sourceTree = "<group>";
		};
		393FC7022C8F450400028F1D /* Products */ = {
			isa = PBXGroup;
			children = (
				393FC7012C8F450400028F1D /* SG-Group15.app */,
			);
			name = Products;
			sourceTree = "<group>";
		};
		393FC7032C8F450400028F1D /* SG-Group15 */ = {
			isa = PBXGroup;
			children = (
				75AD4D552C947E2A00C8F37F /* Info.plist */,
				7534ECC92C99991700F38696 /* GoogleService-Info.plist */,
				75AD4D4C2C947D9A00C8F37F /* Fonts */,
				75668E002C9183D70052F78C /* Helpers */,
				393FC7132C8F465100028F1D /* Model */,
				393FC7172C8F468700028F1D /* ViewModel */,
				393FC7142C8F466900028F1D /* View */,
				393FC7042C8F450400028F1D /* SG_Group15App.swift */,
				393FC7082C8F450600028F1D /* Assets.xcassets */,
				393FC70A2C8F450600028F1D /* Preview Content */,
				75DC0CEB2CA07C7E00E43D39 /* Localizable.xcstrings */,
			);
			path = "SG-Group15";
			sourceTree = "<group>";
		};
		393FC70A2C8F450600028F1D /* Preview Content */ = {
			isa = PBXGroup;
			children = (
				393FC70B2C8F450600028F1D /* Preview Assets.xcassets */,
			);
			path = "Preview Content";
			sourceTree = "<group>";
		};
		393FC7132C8F465100028F1D /* Model */ = {
			isa = PBXGroup;
			children = (
				E29B16A42C9B140000673121 /* FillInBlankModel.swift */,
				E29655382C94BD580099D136 /* TimelineGameModel.swift */,
				7594A6F72C969065000084FA /* User.swift */,
				39FA155D2C95708F0054B99E /* PageModel.swift */,
				39FA15682C960FB20054B99E /* MultipleChoiceQuestion.swift */,
				398F19972C99AF940023515B /* Note.swift */,
				7549644A2C9ED7EC00C3022E /* Book.swift */,
				7549644C2C9ED80B00C3022E /* Chapter.swift */,
				7549644E2C9ED83500C3022E /* MatchingQuestion.swift */,
				E2F08F3B2C9FE93F00038010 /* MapModel */,
				754964502C9ED88700C3022E /* QuestionProtocol.swift */,
			);
			path = Model;
			sourceTree = "<group>";
		};
		393FC7142C8F466900028F1D /* View */ = {
			isa = PBXGroup;
			children = (
				75D1F3C32CA02B850058C597 /* ProfileView */,
				E2A71D442C9FC3CC00A2862D /* Map */,
				7549645D2C9EF4F200C3022E /* TimelineView */,
				391848DA2C9B3587004B4367 /* PopUpView */,
				E29B16B12C9B143000673121 /* FillInBlankGameView */,
				398F19902C99AECA0023515B /* Note */,
				E2CD242F2C9573BD00B4E0D5 /* MatchingGameView.swift */,
				7594A7052C96C552000084FA /* AuthView */,
				39FA15612C96056C0054B99E /* MultipleChoiceView */,
				39FA15502C948D3C0054B99E /* BookDetailView */,
				39FA15642C9606350054B99E /* ProgressBar.swift */,
				75690EF32C99E06D00E4B2C3 /* ContentView.swift */,
				39CC00B42CA04CEC00269B56 /* NavBar.swift */,
				75DC0CED2CA07DA100E43D39 /* LoadingView.swift */,
			);
			path = View;
			sourceTree = "<group>";
		};
		393FC7172C8F468700028F1D /* ViewModel */ = {
			isa = PBXGroup;
			children = (
				E29B16A92C9B142100673121 /* FillInBlankViewModel.swift */,
				E296553E2C94BDDF0099D136 /* TimelineGameViewModel.swift */,
				E2F08F2D2C9FCA4E00038010 /* MapViewModel.swift */,
				E2CD24312C95740000B4E0D5 /* MatchingGameViewModel.swift */,
				7594A6F92C969163000084FA /* UserViewModel.swift */,
				754964522C9EDBA600C3022E /* BookViewModel.swift */,
				754964542C9EDBC200C3022E /* DefaultQuestionVMFactory.swift */,
				754964562C9EDC0300C3022E /* MultipleChoiceViewModel.swift */,
				754964582C9EDC2400C3022E /* QuestionVMFactory.swift */,
				7549645A2C9EDC3800C3022E /* QuestionViewModel.swift */,
				391E50EB2C9F361B0099043D /* NoteViewModel.swift */,
			);
			path = ViewModel;
			sourceTree = "<group>";
		};
		398F19902C99AECA0023515B /* Note */ = {
			isa = PBXGroup;
			children = (
				398F19912C99AEE50023515B /* PencilCanvasView.swift */,
				398F19952C99AF5B0023515B /* DrawingView.swift */,
				398F19992C99B0F60023515B /* TypingView.swift */,
				398F199B2C99B1AB0023515B /* TabViewNote.swift */,
				391E50ED2C9FC9E00099043D /* NoteListView.swift */,
				391E50EF2C9FCBAB0099043D /* NoteCardView.swift */,
				391E50F12C9FD67A0099043D /* InputBoxView.swift */,
				391E50F52C9FDA210099043D /* ColorPicker.swift */,
				39CC00B82CA06EC200269B56 /* FilterView.swift */,
			);
			path = Note;
			sourceTree = "<group>";
		};
		39FA15502C948D3C0054B99E /* BookDetailView */ = {
			isa = PBXGroup;
			children = (
				39FA15532C948D7D0054B99E /* BookDetailView.swift */,
				39FA15552C948DBE0054B99E /* BookView.swift */,
				39FA15572C948DF00054B99E /* OpenBookView.swift */,
				39FA155F2C957CB10054B99E /* CoverPageView.swift */,
				391FD2392C9C8A99007A6AD9 /* BookMenuView.swift */,
			);
			path = BookDetailView;
			sourceTree = "<group>";
		};
		39FA15612C96056C0054B99E /* MultipleChoiceView */ = {
			isa = PBXGroup;
			children = (
				39FA15662C960D710054B99E /* ChoiceButton.swift */,
				398F199F2C99F5710023515B /* MultipleChoiceView.swift */,
			);
			path = MultipleChoiceView;
			sourceTree = "<group>";
		};
		7549645D2C9EF4F200C3022E /* TimelineView */ = {
			isa = PBXGroup;
			children = (
				E296553C2C94BDBE0099D136 /* TimelineGameView.swift */,
				7549645E2C9EF52300C3022E /* EventView.swift */,
				754964602C9EF55E00C3022E /* TimePeriodView.swift */,
				754964622C9EF60A00C3022E /* ResultView.swift */,
			);
			path = TimelineView;
			sourceTree = "<group>";
		};
		75668E002C9183D70052F78C /* Helpers */ = {
			isa = PBXGroup;
			children = (
				75668E012C9183F90052F78C /* Modifiers.swift */,
				39FA15592C948E1A0054B99E /* PageCurlViewController.swift */,
				398F199D2C99B2470023515B /* NoteManager.swift */,
				E2598FDB2C9F3A140056E409 /* Sounds */,
				E2598FD52C9F39D60056E409 /* SoundManager.swift */,
				75D1F3C12CA02B6C0058C597 /* LanguageManager.swift */,
			);
			path = Helpers;
			sourceTree = "<group>";
		};
		7594A7052C96C552000084FA /* AuthView */ = {
			isa = PBXGroup;
			children = (
				759101D42C96EFC300930574 /* WelcomeView.swift */,
				39E7CC622C9E7D8A0083E41F /* Login.swift */,
				39EC9A482C9ED2E300689BAD /* SignUp.swift */,
				391E50E92C9F01350099043D /* MainView.swift */,
				39CC00B62CA04F6B00269B56 /* MenuView.swift */,
			);
			path = AuthView;
			sourceTree = "<group>";
		};
		75AD4D4C2C947D9A00C8F37F /* Fonts */ = {
			isa = PBXGroup;
			children = (
				75AD4D532C947DEC00C8F37F /* OldStandardTT-Bold.ttf */,
				75AD4D562C947FC800C8F37F /* Lato-Black.ttf */,
				75AD4D512C947DCA00C8F37F /* Lato-Regular.ttf */,
				7534ECC12C99826600F38696 /* Roboto-ThinItalic.ttf */,
				7534ECC32C99827100F38696 /* Roboto-Thin.ttf */,
				75AD4D4F2C947DBD00C8F37F /* Lato-Bold.ttf */,
			);
			path = Fonts;
			sourceTree = "<group>";
		};
		75D1F3C32CA02B850058C597 /* ProfileView */ = {
			isa = PBXGroup;
			children = (
				75D1F3C42CA02B940058C597 /* AvatarPicker.swift */,
				75D1F3C62CA02BAC0058C597 /* LanguagePicker.swift */,
				75D1F3C82CA02BCC0058C597 /* MyProfileView.swift */,
				75D1F3CA2CA02BE20058C597 /* PersonInfo.swift */,
				75D1F3CC2CA02C060058C597 /* ThemePicker.swift */,
			);
			path = ProfileView;
			sourceTree = "<group>";
		};
		E2598FDB2C9F3A140056E409 /* Sounds */ = {
			isa = PBXGroup;
			children = (
				E2598FDC2C9F3A610056E409 /* fail.wav */,
				E2598FD82C9F3A0F0056E409 /* background.mp3 */,
				E2598FD72C9F3A0F0056E409 /* correct.wav */,
			);
			path = Sounds;
			sourceTree = "<group>";
		};
		E29B16B12C9B143000673121 /* FillInBlankGameView */ = {
			isa = PBXGroup;
			children = (
				E29B16AD2C9B142B00673121 /* FillInBlankSubView.swift */,
				E29B16AB2C9B142B00673121 /* FillInBlankView.swift */,
				E29B16AC2C9B142B00673121 /* TappableTextView.swift */,
			);
			path = FillInBlankGameView;
			sourceTree = "<group>";
		};
		E2A71D442C9FC3CC00A2862D /* Map */ = {
			isa = PBXGroup;
			children = (
				E2F08F3C2C9FE98B00038010 /* MapGif */,
				E2A71D1E2C9FC3BA00A2862D /* GifImageView.swift */,
				E2F08F2F2C9FCB9600038010 /* MapComponentConfig.swift */,
				E2A71D272C9FC3BA00A2862D /* PositionCalculation.swift */,
				E2F08F312C9FCD1200038010 /* MapViewManager.swift */,
			);
			path = Map;
			sourceTree = "<group>";
		};
		E2F08F3B2C9FE93F00038010 /* MapModel */ = {
			isa = PBXGroup;
			children = (
				E2F08F332C9FDC9700038010 /* MapType.swift */,
				E2F08F352C9FDCA800038010 /* MapData.swift */,
				E2F08F372C9FDCE100038010 /* MapViewProvider.swift */,
			);
			path = MapModel;
			sourceTree = "<group>";
		};
		E2F08F3C2C9FE98B00038010 /* MapGif */ = {
			isa = PBXGroup;
			children = (
				E2A71D1A2C9FC3BA00A2862D /* adventure.gif */,
				E2A71D1B2C9FC3BA00A2862D /* bomb.gif */,
				E2A71D1C2C9FC3BA00A2862D /* explosion.gif */,
				E2A71D1D2C9FC3BA00A2862D /* fight.gif */,
				E2A71D282C9FC3BA00A2862D /* shield.gif */,
				E2A71D292C9FC3BA00A2862D /* swords.gif */,
				E2A71D2A2C9FC3BA00A2862D /* tank.gif */,
			);
			path = MapGif;
			sourceTree = "<group>";
		};
/* End PBXGroup section */

/* Begin PBXNativeTarget section */
		393FC7002C8F450400028F1D /* SG-Group15 */ = {
			isa = PBXNativeTarget;
			buildConfigurationList = 393FC70F2C8F450600028F1D /* Build configuration list for PBXNativeTarget "SG-Group15" */;
			buildPhases = (
				393FC6FD2C8F450400028F1D /* Sources */,
				393FC6FE2C8F450400028F1D /* Frameworks */,
				393FC6FF2C8F450400028F1D /* Resources */,
			);
			buildRules = (
			);
			dependencies = (
			);
			name = "SG-Group15";
			packageProductDependencies = (
				75690F1E2C99E9A700E4B2C3 /* GoogleSignIn */,
				75690F202C99E9A700E4B2C3 /* GoogleSignInSwift */,
				75690F232C99E9CE00E4B2C3 /* FirebaseAuth */,
				75690F252C99E9CE00E4B2C3 /* FirebaseDatabase */,
				75690F272C99E9CE00E4B2C3 /* FirebaseFirestore */,
				75690F292C99E9CE00E4B2C3 /* FirebaseStorage */,
			);
			productName = "SG-Group15";
			productReference = 393FC7012C8F450400028F1D /* SG-Group15.app */;
			productType = "com.apple.product-type.application";
		};
/* End PBXNativeTarget section */

/* Begin PBXProject section */
		393FC6F92C8F450400028F1D /* Project object */ = {
			isa = PBXProject;
			attributes = {
				BuildIndependentTargetsInParallel = 1;
				LastSwiftUpdateCheck = 1540;
				LastUpgradeCheck = 1540;
				TargetAttributes = {
					393FC7002C8F450400028F1D = {
						CreatedOnToolsVersion = 15.4;
					};
				};
			};
			buildConfigurationList = 393FC6FC2C8F450400028F1D /* Build configuration list for PBXProject "SG-Group15" */;
			compatibilityVersion = "Xcode 14.0";
			developmentRegion = en;
			hasScannedForEncodings = 0;
			knownRegions = (
				en,
				Base,
				vi,
			);
			mainGroup = 393FC6F82C8F450400028F1D;
			packageReferences = (
				75690F1D2C99E9A700E4B2C3 /* XCRemoteSwiftPackageReference "GoogleSignIn-iOS" */,
				75690F222C99E9CE00E4B2C3 /* XCRemoteSwiftPackageReference "firebase-ios-sdk" */,
			);
			productRefGroup = 393FC7022C8F450400028F1D /* Products */;
			projectDirPath = "";
			projectRoot = "";
			targets = (
				393FC7002C8F450400028F1D /* SG-Group15 */,
			);
		};
/* End PBXProject section */

/* Begin PBXResourcesBuildPhase section */
		393FC6FF2C8F450400028F1D /* Resources */ = {
			isa = PBXResourcesBuildPhase;
			buildActionMask = 2147483647;
			files = (
				E2A71D3A2C9FC3BA00A2862D /* shield.gif in Resources */,
				E2598FDD2C9F3A620056E409 /* fail.wav in Resources */,
				E2A71D3C2C9FC3BA00A2862D /* tank.gif in Resources */,
				75AD4D572C947FC800C8F37F /* Lato-Black.ttf in Resources */,
				393FC70C2C8F450600028F1D /* Preview Assets.xcassets in Resources */,
				E2A71D2E2C9FC3BA00A2862D /* explosion.gif in Resources */,
				75DC0CEC2CA07C7E00E43D39 /* Localizable.xcstrings in Resources */,
				7534ECCA2C99991700F38696 /* GoogleService-Info.plist in Resources */,
				E2A71D3B2C9FC3BA00A2862D /* swords.gif in Resources */,
				E2598FD92C9F3A0F0056E409 /* correct.wav in Resources */,
				75AD4D542C947DEC00C8F37F /* OldStandardTT-Bold.ttf in Resources */,
				75AD4D522C947DCA00C8F37F /* Lato-Regular.ttf in Resources */,
				7534ECC22C99826600F38696 /* Roboto-ThinItalic.ttf in Resources */,
				E2598FDA2C9F3A0F0056E409 /* background.mp3 in Resources */,
				393FC7092C8F450600028F1D /* Assets.xcassets in Resources */,
				E2A71D2C2C9FC3BA00A2862D /* adventure.gif in Resources */,
				7534ECC42C99827100F38696 /* Roboto-Thin.ttf in Resources */,
				E2A71D2D2C9FC3BA00A2862D /* bomb.gif in Resources */,
				75AD4D502C947DBD00C8F37F /* Lato-Bold.ttf in Resources */,
				E2A71D2F2C9FC3BA00A2862D /* fight.gif in Resources */,
			);
			runOnlyForDeploymentPostprocessing = 0;
		};
/* End PBXResourcesBuildPhase section */

/* Begin PBXSourcesBuildPhase section */
		393FC6FD2C8F450400028F1D /* Sources */ = {
			isa = PBXSourcesBuildPhase;
			buildActionMask = 2147483647;
			files = (
				7549645C2C9EE66C00C3022E /* BookDetailView.swift in Sources */,
				75690F042C99E34B00E4B2C3 /* SG_Group15App.swift in Sources */,
				E29655392C94BD580099D136 /* TimelineGameModel.swift in Sources */,
				7549645F2C9EF52300C3022E /* EventView.swift in Sources */,
				E2F08F382C9FDCE100038010 /* MapViewProvider.swift in Sources */,
				754964632C9EF60A00C3022E /* ResultView.swift in Sources */,
				7549644B2C9ED7EC00C3022E /* Book.swift in Sources */,
				391E50F02C9FCBAB0099043D /* NoteCardView.swift in Sources */,
				391FD23A2C9C8A99007A6AD9 /* BookMenuView.swift in Sources */,
				E296553D2C94BDBE0099D136 /* TimelineGameView.swift in Sources */,
				39CC00B72CA04F6B00269B56 /* MenuView.swift in Sources */,
				754964592C9EDC2400C3022E /* QuestionVMFactory.swift in Sources */,
				E2F08F302C9FCB9600038010 /* MapComponentConfig.swift in Sources */,
				754964532C9EDBA600C3022E /* BookViewModel.swift in Sources */,
				391E50F62C9FDA210099043D /* ColorPicker.swift in Sources */,
				E296553F2C94BDDF0099D136 /* TimelineGameViewModel.swift in Sources */,
				39CC00B92CA06EC200269B56 /* FilterView.swift in Sources */,
				E2F08F362C9FDCA800038010 /* MapData.swift in Sources */,
				E2F08F322C9FCD1200038010 /* MapViewManager.swift in Sources */,
				E2CD24302C9573BD00B4E0D5 /* MatchingGameView.swift in Sources */,
				75D1F3CB2CA02BE20058C597 /* PersonInfo.swift in Sources */,
				7594A6FA2C969163000084FA /* UserViewModel.swift in Sources */,
				754964612C9EF55E00C3022E /* TimePeriodView.swift in Sources */,
				39E7CC632C9E7D8A0083E41F /* Login.swift in Sources */,
				75D1F3C22CA02B6C0058C597 /* LanguageManager.swift in Sources */,
				754964572C9EDC0300C3022E /* MultipleChoiceViewModel.swift in Sources */,
				391E50EE2C9FC9E00099043D /* NoteListView.swift in Sources */,
				75D1F3C72CA02BAC0058C597 /* LanguagePicker.swift in Sources */,
				7549644F2C9ED83500C3022E /* MatchingQuestion.swift in Sources */,
				39FA155E2C95708F0054B99E /* PageModel.swift in Sources */,
				E2F08F2E2C9FCA4E00038010 /* MapViewModel.swift in Sources */,
				398F19922C99AEE50023515B /* PencilCanvasView.swift in Sources */,
				E29B16AF2C9B142B00673121 /* TappableTextView.swift in Sources */,
				7549645B2C9EDC3800C3022E /* QuestionViewModel.swift in Sources */,
				39FA15692C960FB20054B99E /* MultipleChoiceQuestion.swift in Sources */,
				398F19982C99AF940023515B /* Note.swift in Sources */,
				39FA15602C957CB10054B99E /* CoverPageView.swift in Sources */,
				E2F08F342C9FDC9700038010 /* MapType.swift in Sources */,
				39FA15672C960D710054B99E /* ChoiceButton.swift in Sources */,
				391E50F22C9FD67A0099043D /* InputBoxView.swift in Sources */,
				391848DC2C9B359F004B4367 /* NonDismissableSheet.swift in Sources */,
				75D1F3C92CA02BCC0058C597 /* MyProfileView.swift in Sources */,
				E2A71D392C9FC3BA00A2862D /* PositionCalculation.swift in Sources */,
				7549644D2C9ED80B00C3022E /* Chapter.swift in Sources */,
				E2A71D302C9FC3BA00A2862D /* GifImageView.swift in Sources */,
				E29B16A52C9B140000673121 /* FillInBlankModel.swift in Sources */,
				39FA15562C948DBE0054B99E /* BookView.swift in Sources */,
				398F199A2C99B0F60023515B /* TypingView.swift in Sources */,
				398F199C2C99B1AB0023515B /* TabViewNote.swift in Sources */,
				391E50EC2C9F361B0099043D /* NoteViewModel.swift in Sources */,
				391E50EA2C9F01350099043D /* MainView.swift in Sources */,
				398F19A02C99F5710023515B /* MultipleChoiceView.swift in Sources */,
				391848DE2C9B35E4004B4367 /* PopUpView.swift in Sources */,
				39CC00B52CA04CEC00269B56 /* NavBar.swift in Sources */,
				754964552C9EDBC200C3022E /* DefaultQuestionVMFactory.swift in Sources */,
				E29B16AE2C9B142B00673121 /* FillInBlankView.swift in Sources */,
				75DC0CEE2CA07DA100E43D39 /* LoadingView.swift in Sources */,
				39FA15652C9606350054B99E /* ProgressBar.swift in Sources */,
				39EC9A492C9ED2E400689BAD /* SignUp.swift in Sources */,
				75D1F3CD2CA02C060058C597 /* ThemePicker.swift in Sources */,
				E29B16AA2C9B142100673121 /* FillInBlankViewModel.swift in Sources */,
				398F19962C99AF5B0023515B /* DrawingView.swift in Sources */,
				39FA155A2C948E1A0054B99E /* PageCurlViewController.swift in Sources */,
				754964512C9ED88700C3022E /* QuestionProtocol.swift in Sources */,
				39FA15582C948DF00054B99E /* OpenBookView.swift in Sources */,
				398F199E2C99B2480023515B /* NoteManager.swift in Sources */,
				E29B16B02C9B142B00673121 /* FillInBlankSubView.swift in Sources */,
				759101D52C96EFC300930574 /* WelcomeView.swift in Sources */,
				75D1F3C52CA02B940058C597 /* AvatarPicker.swift in Sources */,
				75668E022C9183F90052F78C /* Modifiers.swift in Sources */,
				75690EF42C99E06D00E4B2C3 /* ContentView.swift in Sources */,
				E2CD24322C95740000B4E0D5 /* MatchingGameViewModel.swift in Sources */,
				7594A6F82C969065000084FA /* User.swift in Sources */,
				E2598FD62C9F39D60056E409 /* SoundManager.swift in Sources */,
			);
			runOnlyForDeploymentPostprocessing = 0;
		};
/* End PBXSourcesBuildPhase section */

/* Begin XCBuildConfiguration section */
		393FC70D2C8F450600028F1D /* Debug */ = {
			isa = XCBuildConfiguration;
			buildSettings = {
				ALWAYS_SEARCH_USER_PATHS = NO;
				ASSETCATALOG_COMPILER_GENERATE_SWIFT_ASSET_SYMBOL_EXTENSIONS = YES;
				CLANG_ANALYZER_NONNULL = YES;
				CLANG_ANALYZER_NUMBER_OBJECT_CONVERSION = YES_AGGRESSIVE;
				CLANG_CXX_LANGUAGE_STANDARD = "gnu++20";
				CLANG_ENABLE_MODULES = YES;
				CLANG_ENABLE_OBJC_ARC = YES;
				CLANG_ENABLE_OBJC_WEAK = YES;
				CLANG_WARN_BLOCK_CAPTURE_AUTORELEASING = YES;
				CLANG_WARN_BOOL_CONVERSION = YES;
				CLANG_WARN_COMMA = YES;
				CLANG_WARN_CONSTANT_CONVERSION = YES;
				CLANG_WARN_DEPRECATED_OBJC_IMPLEMENTATIONS = YES;
				CLANG_WARN_DIRECT_OBJC_ISA_USAGE = YES_ERROR;
				CLANG_WARN_DOCUMENTATION_COMMENTS = YES;
				CLANG_WARN_EMPTY_BODY = YES;
				CLANG_WARN_ENUM_CONVERSION = YES;
				CLANG_WARN_INFINITE_RECURSION = YES;
				CLANG_WARN_INT_CONVERSION = YES;
				CLANG_WARN_NON_LITERAL_NULL_CONVERSION = YES;
				CLANG_WARN_OBJC_IMPLICIT_RETAIN_SELF = YES;
				CLANG_WARN_OBJC_LITERAL_CONVERSION = YES;
				CLANG_WARN_OBJC_ROOT_CLASS = YES_ERROR;
				CLANG_WARN_QUOTED_INCLUDE_IN_FRAMEWORK_HEADER = YES;
				CLANG_WARN_RANGE_LOOP_ANALYSIS = YES;
				CLANG_WARN_STRICT_PROTOTYPES = YES;
				CLANG_WARN_SUSPICIOUS_MOVE = YES;
				CLANG_WARN_UNGUARDED_AVAILABILITY = YES_AGGRESSIVE;
				CLANG_WARN_UNREACHABLE_CODE = YES;
				CLANG_WARN__DUPLICATE_METHOD_MATCH = YES;
				COPY_PHASE_STRIP = NO;
				DEBUG_INFORMATION_FORMAT = dwarf;
				ENABLE_STRICT_OBJC_MSGSEND = YES;
				ENABLE_TESTABILITY = YES;
				ENABLE_USER_SCRIPT_SANDBOXING = YES;
				GCC_C_LANGUAGE_STANDARD = gnu17;
				GCC_DYNAMIC_NO_PIC = NO;
				GCC_NO_COMMON_BLOCKS = YES;
				GCC_OPTIMIZATION_LEVEL = 0;
				GCC_PREPROCESSOR_DEFINITIONS = (
					"DEBUG=1",
					"$(inherited)",
				);
				GCC_WARN_64_TO_32_BIT_CONVERSION = YES;
				GCC_WARN_ABOUT_RETURN_TYPE = YES_ERROR;
				GCC_WARN_UNDECLARED_SELECTOR = YES;
				GCC_WARN_UNINITIALIZED_AUTOS = YES_AGGRESSIVE;
				GCC_WARN_UNUSED_FUNCTION = YES;
				GCC_WARN_UNUSED_VARIABLE = YES;
				IPHONEOS_DEPLOYMENT_TARGET = 17.5;
				LOCALIZATION_PREFERS_STRING_CATALOGS = YES;
				MTL_ENABLE_DEBUG_INFO = INCLUDE_SOURCE;
				MTL_FAST_MATH = YES;
				ONLY_ACTIVE_ARCH = YES;
				SDKROOT = iphoneos;
				SWIFT_ACTIVE_COMPILATION_CONDITIONS = "DEBUG $(inherited)";
				SWIFT_OPTIMIZATION_LEVEL = "-Onone";
			};
			name = Debug;
		};
		393FC70E2C8F450600028F1D /* Release */ = {
			isa = XCBuildConfiguration;
			buildSettings = {
				ALWAYS_SEARCH_USER_PATHS = NO;
				ASSETCATALOG_COMPILER_GENERATE_SWIFT_ASSET_SYMBOL_EXTENSIONS = YES;
				CLANG_ANALYZER_NONNULL = YES;
				CLANG_ANALYZER_NUMBER_OBJECT_CONVERSION = YES_AGGRESSIVE;
				CLANG_CXX_LANGUAGE_STANDARD = "gnu++20";
				CLANG_ENABLE_MODULES = YES;
				CLANG_ENABLE_OBJC_ARC = YES;
				CLANG_ENABLE_OBJC_WEAK = YES;
				CLANG_WARN_BLOCK_CAPTURE_AUTORELEASING = YES;
				CLANG_WARN_BOOL_CONVERSION = YES;
				CLANG_WARN_COMMA = YES;
				CLANG_WARN_CONSTANT_CONVERSION = YES;
				CLANG_WARN_DEPRECATED_OBJC_IMPLEMENTATIONS = YES;
				CLANG_WARN_DIRECT_OBJC_ISA_USAGE = YES_ERROR;
				CLANG_WARN_DOCUMENTATION_COMMENTS = YES;
				CLANG_WARN_EMPTY_BODY = YES;
				CLANG_WARN_ENUM_CONVERSION = YES;
				CLANG_WARN_INFINITE_RECURSION = YES;
				CLANG_WARN_INT_CONVERSION = YES;
				CLANG_WARN_NON_LITERAL_NULL_CONVERSION = YES;
				CLANG_WARN_OBJC_IMPLICIT_RETAIN_SELF = YES;
				CLANG_WARN_OBJC_LITERAL_CONVERSION = YES;
				CLANG_WARN_OBJC_ROOT_CLASS = YES_ERROR;
				CLANG_WARN_QUOTED_INCLUDE_IN_FRAMEWORK_HEADER = YES;
				CLANG_WARN_RANGE_LOOP_ANALYSIS = YES;
				CLANG_WARN_STRICT_PROTOTYPES = YES;
				CLANG_WARN_SUSPICIOUS_MOVE = YES;
				CLANG_WARN_UNGUARDED_AVAILABILITY = YES_AGGRESSIVE;
				CLANG_WARN_UNREACHABLE_CODE = YES;
				CLANG_WARN__DUPLICATE_METHOD_MATCH = YES;
				COPY_PHASE_STRIP = NO;
				DEBUG_INFORMATION_FORMAT = "dwarf-with-dsym";
				ENABLE_NS_ASSERTIONS = NO;
				ENABLE_STRICT_OBJC_MSGSEND = YES;
				ENABLE_USER_SCRIPT_SANDBOXING = YES;
				GCC_C_LANGUAGE_STANDARD = gnu17;
				GCC_NO_COMMON_BLOCKS = YES;
				GCC_WARN_64_TO_32_BIT_CONVERSION = YES;
				GCC_WARN_ABOUT_RETURN_TYPE = YES_ERROR;
				GCC_WARN_UNDECLARED_SELECTOR = YES;
				GCC_WARN_UNINITIALIZED_AUTOS = YES_AGGRESSIVE;
				GCC_WARN_UNUSED_FUNCTION = YES;
				GCC_WARN_UNUSED_VARIABLE = YES;
				IPHONEOS_DEPLOYMENT_TARGET = 17.5;
				LOCALIZATION_PREFERS_STRING_CATALOGS = YES;
				MTL_ENABLE_DEBUG_INFO = NO;
				MTL_FAST_MATH = YES;
				SDKROOT = iphoneos;
				SWIFT_COMPILATION_MODE = wholemodule;
				VALIDATE_PRODUCT = YES;
			};
			name = Release;
		};
		393FC7102C8F450600028F1D /* Debug */ = {
			isa = XCBuildConfiguration;
			buildSettings = {
				ASSETCATALOG_COMPILER_APPICON_NAME = AppIcon;
				ASSETCATALOG_COMPILER_GLOBAL_ACCENT_COLOR_NAME = AccentColor;
				CODE_SIGN_STYLE = Automatic;
				CURRENT_PROJECT_VERSION = 1;
				DEVELOPMENT_ASSET_PATHS = "\"SG-Group15/Preview Content\"";
				DEVELOPMENT_TEAM = 87AJUFVFXW;
				ENABLE_PREVIEWS = YES;
				GENERATE_INFOPLIST_FILE = YES;
				INFOPLIST_FILE = "SG-Group15/Info.plist";
				INFOPLIST_KEY_UIApplicationSceneManifest_Generation = YES;
				INFOPLIST_KEY_UIApplicationSupportsIndirectInputEvents = YES;
				INFOPLIST_KEY_UILaunchScreen_Generation = YES;
				INFOPLIST_KEY_UISupportedInterfaceOrientations_iPad = "UIInterfaceOrientationPortrait UIInterfaceOrientationPortraitUpsideDown UIInterfaceOrientationLandscapeLeft UIInterfaceOrientationLandscapeRight";
				INFOPLIST_KEY_UISupportedInterfaceOrientations_iPhone = "UIInterfaceOrientationPortrait UIInterfaceOrientationLandscapeLeft UIInterfaceOrientationLandscapeRight";
				LD_RUNPATH_SEARCH_PATHS = (
					"$(inherited)",
					"@executable_path/Frameworks",
				);
				MARKETING_VERSION = 1.0;
				PRODUCT_BUNDLE_IDENTIFIER = vn.edu.rmit.nana.group15;
				PRODUCT_NAME = "$(TARGET_NAME)";
				SWIFT_EMIT_LOC_STRINGS = YES;
				SWIFT_VERSION = 5.0;
				TARGETED_DEVICE_FAMILY = "1,2";
			};
			name = Debug;
		};
		393FC7112C8F450600028F1D /* Release */ = {
			isa = XCBuildConfiguration;
			buildSettings = {
				ASSETCATALOG_COMPILER_APPICON_NAME = AppIcon;
				ASSETCATALOG_COMPILER_GLOBAL_ACCENT_COLOR_NAME = AccentColor;
				CODE_SIGN_STYLE = Automatic;
				CURRENT_PROJECT_VERSION = 1;
				DEVELOPMENT_ASSET_PATHS = "\"SG-Group15/Preview Content\"";
				DEVELOPMENT_TEAM = 87AJUFVFXW;
				ENABLE_PREVIEWS = YES;
				GENERATE_INFOPLIST_FILE = YES;
				INFOPLIST_FILE = "SG-Group15/Info.plist";
				INFOPLIST_KEY_UIApplicationSceneManifest_Generation = YES;
				INFOPLIST_KEY_UIApplicationSupportsIndirectInputEvents = YES;
				INFOPLIST_KEY_UILaunchScreen_Generation = YES;
				INFOPLIST_KEY_UISupportedInterfaceOrientations_iPad = "UIInterfaceOrientationPortrait UIInterfaceOrientationPortraitUpsideDown UIInterfaceOrientationLandscapeLeft UIInterfaceOrientationLandscapeRight";
				INFOPLIST_KEY_UISupportedInterfaceOrientations_iPhone = "UIInterfaceOrientationPortrait UIInterfaceOrientationLandscapeLeft UIInterfaceOrientationLandscapeRight";
				LD_RUNPATH_SEARCH_PATHS = (
					"$(inherited)",
					"@executable_path/Frameworks",
				);
				MARKETING_VERSION = 1.0;
				PRODUCT_BUNDLE_IDENTIFIER = vn.edu.rmit.nana.group15;
				PRODUCT_NAME = "$(TARGET_NAME)";
				PROVISIONING_PROFILE_SPECIFIER = "";
				SWIFT_EMIT_LOC_STRINGS = YES;
				SWIFT_VERSION = 5.0;
				TARGETED_DEVICE_FAMILY = "1,2";
			};
			name = Release;
		};
/* End XCBuildConfiguration section */

/* Begin XCConfigurationList section */
		393FC6FC2C8F450400028F1D /* Build configuration list for PBXProject "SG-Group15" */ = {
			isa = XCConfigurationList;
			buildConfigurations = (
				393FC70D2C8F450600028F1D /* Debug */,
				393FC70E2C8F450600028F1D /* Release */,
			);
			defaultConfigurationIsVisible = 0;
			defaultConfigurationName = Release;
		};
		393FC70F2C8F450600028F1D /* Build configuration list for PBXNativeTarget "SG-Group15" */ = {
			isa = XCConfigurationList;
			buildConfigurations = (
				393FC7102C8F450600028F1D /* Debug */,
				393FC7112C8F450600028F1D /* Release */,
			);
			defaultConfigurationIsVisible = 0;
			defaultConfigurationName = Release;
		};
/* End XCConfigurationList section */

/* Begin XCRemoteSwiftPackageReference section */
		75690F1D2C99E9A700E4B2C3 /* XCRemoteSwiftPackageReference "GoogleSignIn-iOS" */ = {
			isa = XCRemoteSwiftPackageReference;
			repositoryURL = "https://github.com/google/GoogleSignIn-iOS";
			requirement = {
				kind = upToNextMajorVersion;
				minimumVersion = 8.0.0;
			};
		};
		75690F222C99E9CE00E4B2C3 /* XCRemoteSwiftPackageReference "firebase-ios-sdk" */ = {
			isa = XCRemoteSwiftPackageReference;
			repositoryURL = "https://github.com/firebase/firebase-ios-sdk";
			requirement = {
				kind = upToNextMajorVersion;
				minimumVersion = 11.2.0;
			};
		};
/* End XCRemoteSwiftPackageReference section */

/* Begin XCSwiftPackageProductDependency section */
		75690F1E2C99E9A700E4B2C3 /* GoogleSignIn */ = {
			isa = XCSwiftPackageProductDependency;
			package = 75690F1D2C99E9A700E4B2C3 /* XCRemoteSwiftPackageReference "GoogleSignIn-iOS" */;
			productName = GoogleSignIn;
		};
		75690F202C99E9A700E4B2C3 /* GoogleSignInSwift */ = {
			isa = XCSwiftPackageProductDependency;
			package = 75690F1D2C99E9A700E4B2C3 /* XCRemoteSwiftPackageReference "GoogleSignIn-iOS" */;
			productName = GoogleSignInSwift;
		};
		75690F232C99E9CE00E4B2C3 /* FirebaseAuth */ = {
			isa = XCSwiftPackageProductDependency;
			package = 75690F222C99E9CE00E4B2C3 /* XCRemoteSwiftPackageReference "firebase-ios-sdk" */;
			productName = FirebaseAuth;
		};
		75690F252C99E9CE00E4B2C3 /* FirebaseDatabase */ = {
			isa = XCSwiftPackageProductDependency;
			package = 75690F222C99E9CE00E4B2C3 /* XCRemoteSwiftPackageReference "firebase-ios-sdk" */;
			productName = FirebaseDatabase;
		};
		75690F272C99E9CE00E4B2C3 /* FirebaseFirestore */ = {
			isa = XCSwiftPackageProductDependency;
			package = 75690F222C99E9CE00E4B2C3 /* XCRemoteSwiftPackageReference "firebase-ios-sdk" */;
			productName = FirebaseFirestore;
		};
		75690F292C99E9CE00E4B2C3 /* FirebaseStorage */ = {
			isa = XCSwiftPackageProductDependency;
			package = 75690F222C99E9CE00E4B2C3 /* XCRemoteSwiftPackageReference "firebase-ios-sdk" */;
			productName = FirebaseStorage;
		};
/* End XCSwiftPackageProductDependency section */
	};
	rootObject = 393FC6F92C8F450400028F1D /* Project object */;
}
