// !$*UTF8*$!
{
	archiveVersion = 1;
	classes = {
	};
	objectVersion = 56;
	objects = {

/* Begin PBXBuildFile section */
		393FC7052C8F450400028F1D /* SG_Group15App.swift in Sources */ = {isa = PBXBuildFile; fileRef = 393FC7042C8F450400028F1D /* SG_Group15App.swift */; };
		393FC7072C8F450400028F1D /* ContentView.swift in Sources */ = {isa = PBXBuildFile; fileRef = 393FC7062C8F450400028F1D /* ContentView.swift */; };
		393FC7092C8F450600028F1D /* Assets.xcassets in Resources */ = {isa = PBXBuildFile; fileRef = 393FC7082C8F450600028F1D /* Assets.xcassets */; };
		393FC70C2C8F450600028F1D /* Preview Assets.xcassets in Resources */ = {isa = PBXBuildFile; fileRef = 393FC70B2C8F450600028F1D /* Preview Assets.xcassets */; };
		393FC7192C8F46A200028F1D /* DemoModel.swift in Sources */ = {isa = PBXBuildFile; fileRef = 393FC7182C8F46A200028F1D /* DemoModel.swift */; };
		393FC71B2C8F46B200028F1D /* DemoViewModel.swift in Sources */ = {isa = PBXBuildFile; fileRef = 393FC71A2C8F46B200028F1D /* DemoViewModel.swift */; };
		55906CD92C94586F000B1E93 /*  HocMonView.swift in Sources */ = {isa = PBXBuildFile; fileRef = 55906CD82C94586F000B1E93 /*  HocMonView.swift */; };
		55906CDB2C946B7D000B1E93 /*  MapComponent.swift in Sources */ = {isa = PBXBuildFile; fileRef = 55906CDA2C946B7D000B1E93 /*  MapComponent.swift */; };
/* End PBXBuildFile section */

/* Begin PBXFileReference section */
		393FC7012C8F450400028F1D /* SG-Group15.app */ = {isa = PBXFileReference; explicitFileType = wrapper.application; includeInIndex = 0; path = "SG-Group15.app"; sourceTree = BUILT_PRODUCTS_DIR; };
		393FC7042C8F450400028F1D /* SG_Group15App.swift */ = {isa = PBXFileReference; lastKnownFileType = sourcecode.swift; path = SG_Group15App.swift; sourceTree = "<group>"; };
		393FC7062C8F450400028F1D /* ContentView.swift */ = {isa = PBXFileReference; lastKnownFileType = sourcecode.swift; path = ContentView.swift; sourceTree = "<group>"; };
		393FC7082C8F450600028F1D /* Assets.xcassets */ = {isa = PBXFileReference; lastKnownFileType = folder.assetcatalog; path = Assets.xcassets; sourceTree = "<group>"; };
		393FC70B2C8F450600028F1D /* Preview Assets.xcassets */ = {isa = PBXFileReference; lastKnownFileType = folder.assetcatalog; path = "Preview Assets.xcassets"; sourceTree = "<group>"; };
		393FC7182C8F46A200028F1D /* DemoModel.swift */ = {isa = PBXFileReference; lastKnownFileType = sourcecode.swift; path = DemoModel.swift; sourceTree = "<group>"; };
		393FC71A2C8F46B200028F1D /* DemoViewModel.swift */ = {isa = PBXFileReference; lastKnownFileType = sourcecode.swift; path = DemoViewModel.swift; sourceTree = "<group>"; };
		55906CD82C94586F000B1E93 /*  HocMonView.swift */ = {isa = PBXFileReference; lastKnownFileType = sourcecode.swift; path = " HocMonView.swift"; sourceTree = "<group>"; };
		55906CDA2C946B7D000B1E93 /*  MapComponent.swift */ = {isa = PBXFileReference; lastKnownFileType = sourcecode.swift; path = " MapComponent.swift"; sourceTree = "<group>"; };
/* End PBXFileReference section */

/* Begin PBXFrameworksBuildPhase section */
		393FC6FE2C8F450400028F1D /* Frameworks */ = {
			isa = PBXFrameworksBuildPhase;
			buildActionMask = 2147483647;
			files = (
			);
			runOnlyForDeploymentPostprocessing = 0;
		};
/* End PBXFrameworksBuildPhase section */

/* Begin PBXGroup section */
		393FC6F82C8F450400028F1D = {
			isa = PBXGroup;
			children = (
				393FC7032C8F450400028F1D /* SG-Group15 */,
				393FC7022C8F450400028F1D /* Products */,
			);
			sourceTree = "<group>";
		};
		393FC7022C8F450400028F1D /* Products */ = {
			isa = PBXGroup;
			children = (
				393FC7012C8F450400028F1D /* SG-Group15.app */,
			);
			name = Products;
			sourceTree = "<group>";
		};
		393FC7032C8F450400028F1D /* SG-Group15 */ = {
			isa = PBXGroup;
			children = (
				393FC7132C8F465100028F1D /* Model */,
				393FC7172C8F468700028F1D /* ViewModel */,
				393FC7142C8F466900028F1D /* View */,
				393FC7042C8F450400028F1D /* SG_Group15App.swift */,
				393FC7082C8F450600028F1D /* Assets.xcassets */,
				393FC70A2C8F450600028F1D /* Preview Content */,
			);
			path = "SG-Group15";
			sourceTree = "<group>";
		};
		393FC70A2C8F450600028F1D /* Preview Content */ = {
			isa = PBXGroup;
			children = (
				393FC70B2C8F450600028F1D /* Preview Assets.xcassets */,
			);
			path = "Preview Content";
			sourceTree = "<group>";
		};
		393FC7132C8F465100028F1D /* Model */ = {
			isa = PBXGroup;
			children = (
				393FC7182C8F46A200028F1D /* DemoModel.swift */,
			);
			path = Model;
			sourceTree = "<group>";
		};
		393FC7142C8F466900028F1D /* View */ = {
			isa = PBXGroup;
			children = (
				55906CD72C94544D000B1E93 /* MapView */,
				393FC7062C8F450400028F1D /* ContentView.swift */,
			);
			path = View;
			sourceTree = "<group>";
		};
		393FC7172C8F468700028F1D /* ViewModel */ = {
			isa = PBXGroup;
			children = (
				393FC71A2C8F46B200028F1D /* DemoViewModel.swift */,
			);
			path = ViewModel;
			sourceTree = "<group>";
		};
		55906CD72C94544D000B1E93 /* MapView */ = {
			isa = PBXGroup;
			children = (
				55906CDC2C946C64000B1E93 /* MapView */,
				55906CD82C94586F000B1E93 /*  HocMonView.swift */,
				55906CDA2C946B7D000B1E93 /*  MapComponent.swift */,
			);
			path = MapView;
			sourceTree = "<group>";
		};
		55906CDC2C946C64000B1E93 /* MapView */ = {
			isa = PBXGroup;
			children = (
			);
			path = MapView;
			sourceTree = "<group>";
		};
/* End PBXGroup section */

/* Begin PBXNativeTarget section */
		393FC7002C8F450400028F1D /* SG-Group15 */ = {
			isa = PBXNativeTarget;
			buildConfigurationList = 393FC70F2C8F450600028F1D /* Build configuration list for PBXNativeTarget "SG-Group15" */;
			buildPhases = (
				393FC6FD2C8F450400028F1D /* Sources */,
				393FC6FE2C8F450400028F1D /* Frameworks */,
				393FC6FF2C8F450400028F1D /* Resources */,
			);
			buildRules = (
			);
			dependencies = (
			);
			name = "SG-Group15";
			productName = "SG-Group15";
			productReference = 393FC7012C8F450400028F1D /* SG-Group15.app */;
			productType = "com.apple.product-type.application";
		};
/* End PBXNativeTarget section */

/* Begin PBXProject section */
		393FC6F92C8F450400028F1D /* Project object */ = {
			isa = PBXProject;
			attributes = {
				BuildIndependentTargetsInParallel = 1;
				LastSwiftUpdateCheck = 1540;
				LastUpgradeCheck = 1540;
				TargetAttributes = {
					393FC7002C8F450400028F1D = {
						CreatedOnToolsVersion = 15.4;
					};
				};
			};
			buildConfigurationList = 393FC6FC2C8F450400028F1D /* Build configuration list for PBXProject "SG-Group15" */;
			compatibilityVersion = "Xcode 14.0";
			developmentRegion = en;
			hasScannedForEncodings = 0;
			knownRegions = (
				en,
				Base,
			);
			mainGroup = 393FC6F82C8F450400028F1D;
			productRefGroup = 393FC7022C8F450400028F1D /* Products */;
			projectDirPath = "";
			projectRoot = "";
			targets = (
				393FC7002C8F450400028F1D /* SG-Group15 */,
			);
		};
/* End PBXProject section */

/* Begin PBXResourcesBuildPhase section */
		393FC6FF2C8F450400028F1D /* Resources */ = {
			isa = PBXResourcesBuildPhase;
			buildActionMask = 2147483647;
			files = (
				393FC70C2C8F450600028F1D /* Preview Assets.xcassets in Resources */,
				393FC7092C8F450600028F1D /* Assets.xcassets in Resources */,
			);
			runOnlyForDeploymentPostprocessing = 0;
		};
/* End PBXResourcesBuildPhase section */

/* Begin PBXSourcesBuildPhase section */
		393FC6FD2C8F450400028F1D /* Sources */ = {
			isa = PBXSourcesBuildPhase;
			buildActionMask = 2147483647;
			files = (
				393FC7072C8F450400028F1D /* ContentView.swift in Sources */,
				393FC7192C8F46A200028F1D /* DemoModel.swift in Sources */,
				55906CD92C94586F000B1E93 /*  HocMonView.swift in Sources */,
				393FC7052C8F450400028F1D /* SG_Group15App.swift in Sources */,
				55906CDB2C946B7D000B1E93 /*  MapComponent.swift in Sources */,
				393FC71B2C8F46B200028F1D /* DemoViewModel.swift in Sources */,
			);
			runOnlyForDeploymentPostprocessing = 0;
		};
/* End PBXSourcesBuildPhase section */

/* Begin XCBuildConfiguration section */
		393FC70D2C8F450600028F1D /* Debug */ = {
			isa = XCBuildConfiguration;
			buildSettings = {
				ALWAYS_SEARCH_USER_PATHS = NO;
				ASSETCATALOG_COMPILER_GENERATE_SWIFT_ASSET_SYMBOL_EXTENSIONS = YES;
				CLANG_ANALYZER_NONNULL = YES;
				CLANG_ANALYZER_NUMBER_OBJECT_CONVERSION = YES_AGGRESSIVE;
				CLANG_CXX_LANGUAGE_STANDARD = "gnu++20";
				CLANG_ENABLE_MODULES = YES;
				CLANG_ENABLE_OBJC_ARC = YES;
				CLANG_ENABLE_OBJC_WEAK = YES;
				CLANG_WARN_BLOCK_CAPTURE_AUTORELEASING = YES;
				CLANG_WARN_BOOL_CONVERSION = YES;
				CLANG_WARN_COMMA = YES;
				CLANG_WARN_CONSTANT_CONVERSION = YES;
				CLANG_WARN_DEPRECATED_OBJC_IMPLEMENTATIONS = YES;
				CLANG_WARN_DIRECT_OBJC_ISA_USAGE = YES_ERROR;
				CLANG_WARN_DOCUMENTATION_COMMENTS = YES;
				CLANG_WARN_EMPTY_BODY = YES;
				CLANG_WARN_ENUM_CONVERSION = YES;
				CLANG_WARN_INFINITE_RECURSION = YES;
				CLANG_WARN_INT_CONVERSION = YES;
				CLANG_WARN_NON_LITERAL_NULL_CONVERSION = YES;
				CLANG_WARN_OBJC_IMPLICIT_RETAIN_SELF = YES;
				CLANG_WARN_OBJC_LITERAL_CONVERSION = YES;
				CLANG_WARN_OBJC_ROOT_CLASS = YES_ERROR;
				CLANG_WARN_QUOTED_INCLUDE_IN_FRAMEWORK_HEADER = YES;
				CLANG_WARN_RANGE_LOOP_ANALYSIS = YES;
				CLANG_WARN_STRICT_PROTOTYPES = YES;
				CLANG_WARN_SUSPICIOUS_MOVE = YES;
				CLANG_WARN_UNGUARDED_AVAILABILITY = YES_AGGRESSIVE;
				CLANG_WARN_UNREACHABLE_CODE = YES;
				CLANG_WARN__DUPLICATE_METHOD_MATCH = YES;
				COPY_PHASE_STRIP = NO;
				DEBUG_INFORMATION_FORMAT = dwarf;
				ENABLE_STRICT_OBJC_MSGSEND = YES;
				ENABLE_TESTABILITY = YES;
				ENABLE_USER_SCRIPT_SANDBOXING = YES;
				GCC_C_LANGUAGE_STANDARD = gnu17;
				GCC_DYNAMIC_NO_PIC = NO;
				GCC_NO_COMMON_BLOCKS = YES;
				GCC_OPTIMIZATION_LEVEL = 0;
				GCC_PREPROCESSOR_DEFINITIONS = (
					"DEBUG=1",
					"$(inherited)",
				);
				GCC_WARN_64_TO_32_BIT_CONVERSION = YES;
				GCC_WARN_ABOUT_RETURN_TYPE = YES_ERROR;
				GCC_WARN_UNDECLARED_SELECTOR = YES;
				GCC_WARN_UNINITIALIZED_AUTOS = YES_AGGRESSIVE;
				GCC_WARN_UNUSED_FUNCTION = YES;
				GCC_WARN_UNUSED_VARIABLE = YES;
				IPHONEOS_DEPLOYMENT_TARGET = 17.5;
				LOCALIZATION_PREFERS_STRING_CATALOGS = YES;
				MTL_ENABLE_DEBUG_INFO = INCLUDE_SOURCE;
				MTL_FAST_MATH = YES;
				ONLY_ACTIVE_ARCH = YES;
				SDKROOT = iphoneos;
				SWIFT_ACTIVE_COMPILATION_CONDITIONS = "DEBUG $(inherited)";
				SWIFT_OPTIMIZATION_LEVEL = "-Onone";
			};
			name = Debug;
		};
		393FC70E2C8F450600028F1D /* Release */ = {
			isa = XCBuildConfiguration;
			buildSettings = {
				ALWAYS_SEARCH_USER_PATHS = NO;
				ASSETCATALOG_COMPILER_GENERATE_SWIFT_ASSET_SYMBOL_EXTENSIONS = YES;
				CLANG_ANALYZER_NONNULL = YES;
				CLANG_ANALYZER_NUMBER_OBJECT_CONVERSION = YES_AGGRESSIVE;
				CLANG_CXX_LANGUAGE_STANDARD = "gnu++20";
				CLANG_ENABLE_MODULES = YES;
				CLANG_ENABLE_OBJC_ARC = YES;
				CLANG_ENABLE_OBJC_WEAK = YES;
				CLANG_WARN_BLOCK_CAPTURE_AUTORELEASING = YES;
				CLANG_WARN_BOOL_CONVERSION = YES;
				CLANG_WARN_COMMA = YES;
				CLANG_WARN_CONSTANT_CONVERSION = YES;
				CLANG_WARN_DEPRECATED_OBJC_IMPLEMENTATIONS = YES;
				CLANG_WARN_DIRECT_OBJC_ISA_USAGE = YES_ERROR;
				CLANG_WARN_DOCUMENTATION_COMMENTS = YES;
				CLANG_WARN_EMPTY_BODY = YES;
				CLANG_WARN_ENUM_CONVERSION = YES;
				CLANG_WARN_INFINITE_RECURSION = YES;
				CLANG_WARN_INT_CONVERSION = YES;
				CLANG_WARN_NON_LITERAL_NULL_CONVERSION = YES;
				CLANG_WARN_OBJC_IMPLICIT_RETAIN_SELF = YES;
				CLANG_WARN_OBJC_LITERAL_CONVERSION = YES;
				CLANG_WARN_OBJC_ROOT_CLASS = YES_ERROR;
				CLANG_WARN_QUOTED_INCLUDE_IN_FRAMEWORK_HEADER = YES;
				CLANG_WARN_RANGE_LOOP_ANALYSIS = YES;
				CLANG_WARN_STRICT_PROTOTYPES = YES;
				CLANG_WARN_SUSPICIOUS_MOVE = YES;
				CLANG_WARN_UNGUARDED_AVAILABILITY = YES_AGGRESSIVE;
				CLANG_WARN_UNREACHABLE_CODE = YES;
				CLANG_WARN__DUPLICATE_METHOD_MATCH = YES;
				COPY_PHASE_STRIP = NO;
				DEBUG_INFORMATION_FORMAT = "dwarf-with-dsym";
				ENABLE_NS_ASSERTIONS = NO;
				ENABLE_STRICT_OBJC_MSGSEND = YES;
				ENABLE_USER_SCRIPT_SANDBOXING = YES;
				GCC_C_LANGUAGE_STANDARD = gnu17;
				GCC_NO_COMMON_BLOCKS = YES;
				GCC_WARN_64_TO_32_BIT_CONVERSION = YES;
				GCC_WARN_ABOUT_RETURN_TYPE = YES_ERROR;
				GCC_WARN_UNDECLARED_SELECTOR = YES;
				GCC_WARN_UNINITIALIZED_AUTOS = YES_AGGRESSIVE;
				GCC_WARN_UNUSED_FUNCTION = YES;
				GCC_WARN_UNUSED_VARIABLE = YES;
				IPHONEOS_DEPLOYMENT_TARGET = 17.5;
				LOCALIZATION_PREFERS_STRING_CATALOGS = YES;
				MTL_ENABLE_DEBUG_INFO = NO;
				MTL_FAST_MATH = YES;
				SDKROOT = iphoneos;
				SWIFT_COMPILATION_MODE = wholemodule;
				VALIDATE_PRODUCT = YES;
			};
			name = Release;
		};
		393FC7102C8F450600028F1D /* Debug */ = {
			isa = XCBuildConfiguration;
			buildSettings = {
				ASSETCATALOG_COMPILER_APPICON_NAME = AppIcon;
				ASSETCATALOG_COMPILER_GLOBAL_ACCENT_COLOR_NAME = AccentColor;
				CODE_SIGN_STYLE = Automatic;
				CURRENT_PROJECT_VERSION = 1;
				DEVELOPMENT_ASSET_PATHS = "\"SG-Group15/Preview Content\"";
				ENABLE_PREVIEWS = YES;
				GENERATE_INFOPLIST_FILE = YES;
				INFOPLIST_KEY_UIApplicationSceneManifest_Generation = YES;
				INFOPLIST_KEY_UIApplicationSupportsIndirectInputEvents = YES;
				INFOPLIST_KEY_UILaunchScreen_Generation = YES;
				INFOPLIST_KEY_UISupportedInterfaceOrientations_iPad = "UIInterfaceOrientationPortrait UIInterfaceOrientationPortraitUpsideDown UIInterfaceOrientationLandscapeLeft UIInterfaceOrientationLandscapeRight";
				INFOPLIST_KEY_UISupportedInterfaceOrientations_iPhone = "UIInterfaceOrientationPortrait UIInterfaceOrientationLandscapeLeft UIInterfaceOrientationLandscapeRight";
				LD_RUNPATH_SEARCH_PATHS = (
					"$(inherited)",
					"@executable_path/Frameworks",
				);
				MARKETING_VERSION = 1.0;
				PRODUCT_BUNDLE_IDENTIFIER = "vn.edu.rmit.nana.SG-Group15";
				PRODUCT_NAME = "$(TARGET_NAME)";
				SWIFT_EMIT_LOC_STRINGS = YES;
				SWIFT_VERSION = 5.0;
				TARGETED_DEVICE_FAMILY = "1,2";
			};
			name = Debug;
		};
		393FC7112C8F450600028F1D /* Release */ = {
			isa = XCBuildConfiguration;
			buildSettings = {
				ASSETCATALOG_COMPILER_APPICON_NAME = AppIcon;
				ASSETCATALOG_COMPILER_GLOBAL_ACCENT_COLOR_NAME = AccentColor;
				CODE_SIGN_STYLE = Automatic;
				CURRENT_PROJECT_VERSION = 1;
				DEVELOPMENT_ASSET_PATHS = "\"SG-Group15/Preview Content\"";
				ENABLE_PREVIEWS = YES;
				GENERATE_INFOPLIST_FILE = YES;
				INFOPLIST_KEY_UIApplicationSceneManifest_Generation = YES;
				INFOPLIST_KEY_UIApplicationSupportsIndirectInputEvents = YES;
				INFOPLIST_KEY_UILaunchScreen_Generation = YES;
				INFOPLIST_KEY_UISupportedInterfaceOrientations_iPad = "UIInterfaceOrientationPortrait UIInterfaceOrientationPortraitUpsideDown UIInterfaceOrientationLandscapeLeft UIInterfaceOrientationLandscapeRight";
				INFOPLIST_KEY_UISupportedInterfaceOrientations_iPhone = "UIInterfaceOrientationPortrait UIInterfaceOrientationLandscapeLeft UIInterfaceOrientationLandscapeRight";
				LD_RUNPATH_SEARCH_PATHS = (
					"$(inherited)",
					"@executable_path/Frameworks",
				);
				MARKETING_VERSION = 1.0;
				PRODUCT_BUNDLE_IDENTIFIER = "vn.edu.rmit.nana.SG-Group15";
				PRODUCT_NAME = "$(TARGET_NAME)";
				SWIFT_EMIT_LOC_STRINGS = YES;
				SWIFT_VERSION = 5.0;
				TARGETED_DEVICE_FAMILY = "1,2";
			};
			name = Release;
		};
/* End XCBuildConfiguration section */

/* Begin XCConfigurationList section */
		393FC6FC2C8F450400028F1D /* Build configuration list for PBXProject "SG-Group15" */ = {
			isa = XCConfigurationList;
			buildConfigurations = (
				393FC70D2C8F450600028F1D /* Debug */,
				393FC70E2C8F450600028F1D /* Release */,
			);
			defaultConfigurationIsVisible = 0;
			defaultConfigurationName = Release;
		};
		393FC70F2C8F450600028F1D /* Build configuration list for PBXNativeTarget "SG-Group15" */ = {
			isa = XCConfigurationList;
			buildConfigurations = (
				393FC7102C8F450600028F1D /* Debug */,
				393FC7112C8F450600028F1D /* Release */,
			);
			defaultConfigurationIsVisible = 0;
			defaultConfigurationName = Release;
		};
/* End XCConfigurationList section */
	};
	rootObject = 393FC6F92C8F450400028F1D /* Project object */;
}
